// !$*UTF8*$!
{
	archiveVersion = 1;
	classes = {
	};
	objectVersion = 77;
	objects = {

/* Begin PBXBuildFile section */
		BA02D9952F557EB1009EBF35 /* libate.tbd in Frameworks */ = {isa = PBXBuildFile; fileRef = BA02D9942F557EB0009EBF35 /* libate.tbd */; };
		BA02D9F32F558F09009EBF35 /* 8006627369776289000.tex in Resources */ = {isa = PBXBuildFile; fileRef = BA02D9CF2F558F09009EBF35 /* 8006627369776289000.tex */; };
		BA02D9F42F558F09009EBF35 /* 3628158980083700836.tex in Resources */ = {isa = PBXBuildFile; fileRef = BA02D9BA2F558F09009EBF35 /* 3628158980083700836.tex */; };
		BA02D9F52F558F09009EBF35 /* 7815564343179553343.tex in Resources */ = {isa = PBXBuildFile; fileRef = BA02D9CE2F558F09009EBF35 /* 7815564343179553343.tex */; };
		BA02D9F62F558F09009EBF35 /* white.tex in Resources */ = {isa = PBXBuildFile; fileRef = BA02D9F02F558F09009EBF35 /* white.tex */; };
		BA02D9F72F558F09009EBF35 /* 4871783166746854860.tex in Resources */ = {isa = PBXBuildFile; fileRef = BA02D9BF2F558F09009EBF35 /* 4871783166746854860.tex */; };
		BA02D9F82F558F09009EBF35 /* 8051790464816141987.tex in Resources */ = {isa = PBXBuildFile; fileRef = BA02D9D02F558F09009EBF35 /* 8051790464816141987.tex */; };
		BA02D9F92F558F09009EBF35 /* 14650633544276105767.tex in Resources */ = {isa = PBXBuildFile; fileRef = BA02D9E72F558F09009EBF35 /* 14650633544276105767.tex */; };
		BA02D9FA2F558F09009EBF35 /* 11474523244911310074.tex in Resources */ = {isa = PBXBuildFile; fileRef = BA02D9DC2F558F09009EBF35 /* 11474523244911310074.tex */; };
		BA02D9FB2F558F09009EBF35 /* 5061699253647017043.tex in Resources */ = {isa = PBXBuildFile; fileRef = BA02D9C22F558F09009EBF35 /* 5061699253647017043.tex */; };
		BA02D9FC2F558F09009EBF35 /* 332936164838540657.tex in Resources */ = {isa = PBXBuildFile; fileRef = BA02D9AB2F558F09009EBF35 /* 332936164838540657.tex */; };
		BA02D9FD2F558F09009EBF35 /* Sponza.bin in Resources */ = {isa = PBXBuildFile; fileRef = BA02D9EF2F558F09009EBF35 /* Sponza.bin */; };
		BA02D9FE2F558F09009EBF35 /* 14267839433702832875.tex in Resources */ = {isa = PBXBuildFile; fileRef = BA02D9E62F558F09009EBF35 /* 14267839433702832875.tex */; };
		BA02D9FF2F558F09009EBF35 /* 9916269861720640319.tex in Resources */ = {isa = PBXBuildFile; fileRef = BA02D9D92F558F09009EBF35 /* 9916269861720640319.tex */; };
		BA02DA002F558F09009EBF35 /* 4601176305987539675.tex in Resources */ = {isa = PBXBuildFile; fileRef = BA02D9BD2F558F09009EBF35 /* 4601176305987539675.tex */; };
		BA02DA012F558F09009EBF35 /* 4910669866631290573.tex in Resources */ = {isa = PBXBuildFile; fileRef = BA02D9C02F558F09009EBF35 /* 4910669866631290573.tex */; };
		BA02DA022F558F09009EBF35 /* 2969916736137545357.tex in Resources */ = {isa = PBXBuildFile; fileRef = BA02D9B72F558F09009EBF35 /* 2969916736137545357.tex */; };
		BA02DA032F558F09009EBF35 /* 5792855332885324923.tex in Resources */ = {isa = PBXBuildFile; fileRef = BA02D9C32F558F09009EBF35 /* 5792855332885324923.tex */; };
		BA02DA042F558F09009EBF35 /* 2299742237651021498.tex in Resources */ = {isa = PBXBuildFile; fileRef = BA02D9B32F558F09009EBF35 /* 2299742237651021498.tex */; };
		BA02DA052F558F09009EBF35 /* 14170708867020035030.tex in Resources */ = {isa = PBXBuildFile; fileRef = BA02D9E52F558F09009EBF35 /* 14170708867020035030.tex */; };
		BA02DA062F558F09009EBF35 /* 7645212358685992005.tex in Resources */ = {isa = PBXBuildFile; fileRef = BA02D9CD2F558F09009EBF35 /* 7645212358685992005.tex */; };
		BA02DA072F558F09009EBF35 /* 4675343432951571524.tex in Resources */ = {isa = PBXBuildFile; fileRef = BA02D9BE2F558F09009EBF35 /* 4675343432951571524.tex */; };
		BA02DA082F558F09009EBF35 /* 1219024358953944284.tex in Resources */ = {isa = PBXBuildFile; fileRef = BA02D9B02F558F09009EBF35 /* 1219024358953944284.tex */; };
		BA02DA092F558F09009EBF35 /* 11968150294050148237.tex in Resources */ = {isa = PBXBuildFile; fileRef = BA02D9DF2F558F09009EBF35 /* 11968150294050148237.tex */; };
		BA02DA0A2F558F09009EBF35 /* 2051777328469649772.tex in Resources */ = {isa = PBXBuildFile; fileRef = BA02D9B12F558F09009EBF35 /* 2051777328469649772.tex */; };
		BA02DA0B2F558F09009EBF35 /* 13196865903111448057.tex in Resources */ = {isa = PBXBuildFile; fileRef = BA02D9E12F558F09009EBF35 /* 13196865903111448057.tex */; };
		BA02DA0C2F558F09009EBF35 /* 3371964815757888145.tex in Resources */ = {isa = PBXBuildFile; fileRef = BA02D9B82F558F09009EBF35 /* 3371964815757888145.tex */; };
		BA02DA0D2F558F09009EBF35 /* 759203620573749278.tex in Resources */ = {isa = PBXBuildFile; fileRef = BA02D9AF2F558F09009EBF35 /* 759203620573749278.tex */; };
		BA02DA0E2F558F09009EBF35 /* 10381718147657362067.tex in Resources */ = {isa = PBXBuildFile; fileRef = BA02D9DA2F558F09009EBF35 /* 10381718147657362067.tex */; };
		BA02DA0F2F558F09009EBF35 /* 4975155472559461469.tex in Resources */ = {isa = PBXBuildFile; fileRef = BA02D9C12F558F09009EBF35 /* 4975155472559461469.tex */; };
		BA02DA102F558F09009EBF35 /* 15722799267630235092.tex in Resources */ = {isa = PBXBuildFile; fileRef = BA02D9E92F558F09009EBF35 /* 15722799267630235092.tex */; };
		BA02DA112F558F09009EBF35 /* 9288698199695299068.tex in Resources */ = {isa = PBXBuildFile; fileRef = BA02D9D82F558F09009EBF35 /* 9288698199695299068.tex */; };
		BA02DA122F558F09009EBF35 /* 6047387724914829168.tex in Resources */ = {isa = PBXBuildFile; fileRef = BA02D9C52F558F09009EBF35 /* 6047387724914829168.tex */; };
		BA02DA132F558F09009EBF35 /* 10388182081421875623.tex in Resources */ = {isa = PBXBuildFile; fileRef = BA02D9DB2F558F09009EBF35 /* 10388182081421875623.tex */; };
		BA02DA142F558F09009EBF35 /* 7441062115984513793.tex in Resources */ = {isa = PBXBuildFile; fileRef = BA02D9CC2F558F09009EBF35 /* 7441062115984513793.tex */; };
		BA02DA152F558F09009EBF35 /* 16885566240357350108.tex in Resources */ = {isa = PBXBuildFile; fileRef = BA02D9EC2F558F09009EBF35 /* 16885566240357350108.tex */; };
		BA02DA162F558F09009EBF35 /* 8481240838833932244.tex in Resources */ = {isa = PBXBuildFile; fileRef = BA02D9D22F558F09009EBF35 /* 8481240838833932244.tex */; };
		BA02DA172F558F09009EBF35 /* 8114461559286000061.tex in Resources */ = {isa = PBXBuildFile; fileRef = BA02D9D12F558F09009EBF35 /* 8114461559286000061.tex */; };
		BA02DA182F558F09009EBF35 /* 8773302468495022225.tex in Resources */ = {isa = PBXBuildFile; fileRef = BA02D9D62F558F09009EBF35 /* 8773302468495022225.tex */; };
		BA02DA192F558F09009EBF35 /* 2374361008830720677.tex in Resources */ = {isa = PBXBuildFile; fileRef = BA02D9B42F558F09009EBF35 /* 2374361008830720677.tex */; };
		BA02DA1A2F558F09009EBF35 /* 8750083169368950601.tex in Resources */ = {isa = PBXBuildFile; fileRef = BA02D9D52F558F09009EBF35 /* 8750083169368950601.tex */; };
		BA02DA1B2F558F09009EBF35 /* 6151467286084645207.tex in Resources */ = {isa = PBXBuildFile; fileRef = BA02D9C62F558F09009EBF35 /* 6151467286084645207.tex */; };
		BA02DA1C2F558F09009EBF35 /* 6772804448157695701.tex in Resources */ = {isa = PBXBuildFile; fileRef = BA02D9C92F558F09009EBF35 /* 6772804448157695701.tex */; };
		BA02DA1D2F558F09009EBF35 /* 17556969131407844942.tex in Resources */ = {isa = PBXBuildFile; fileRef = BA02D9ED2F558F09009EBF35 /* 17556969131407844942.tex */; };
		BA02DA1E2F558F09009EBF35 /* 8747919177698443163.tex in Resources */ = {isa = PBXBuildFile; fileRef = BA02D9D42F558F09009EBF35 /* 8747919177698443163.tex */; };
		BA02DA1F2F558F09009EBF35 /* 12501374198249454378.tex in Resources */ = {isa = PBXBuildFile; fileRef = BA02D9E02F558F09009EBF35 /* 12501374198249454378.tex */; };
		BA02DA202F558F09009EBF35 /* 6593109234861095314.tex in Resources */ = {isa = PBXBuildFile; fileRef = BA02D9C72F558F09009EBF35 /* 6593109234861095314.tex */; };
		BA02DA212F558F09009EBF35 /* 2411100444841994089.tex in Resources */ = {isa = PBXBuildFile; fileRef = BA02D9B52F558F09009EBF35 /* 2411100444841994089.tex */; };
		BA02DA222F558F09009EBF35 /* 13824894030729245199.tex in Resources */ = {isa = PBXBuildFile; fileRef = BA02D9E22F558F09009EBF35 /* 13824894030729245199.tex */; };
		BA02DA232F558F09009EBF35 /* 755318871556304029.tex in Resources */ = {isa = PBXBuildFile; fileRef = BA02D9AE2F558F09009EBF35 /* 755318871556304029.tex */; };
		BA02DA242F558F09009EBF35 /* 16275776544635328252.tex in Resources */ = {isa = PBXBuildFile; fileRef = BA02D9EA2F558F09009EBF35 /* 16275776544635328252.tex */; };
		BA02DA252F558F09009EBF35 /* 8783994986360286082.tex in Resources */ = {isa = PBXBuildFile; fileRef = BA02D9D72F558F09009EBF35 /* 8783994986360286082.tex */; };
		BA02DA262F558F09009EBF35 /* 715093869573992647.tex in Resources */ = {isa = PBXBuildFile; fileRef = BA02D9AD2F558F09009EBF35 /* 715093869573992647.tex */; };
		BA02DA272F558F09009EBF35 /* 7056944414013900257.tex in Resources */ = {isa = PBXBuildFile; fileRef = BA02D9CA2F558F09009EBF35 /* 7056944414013900257.tex */; };
		BA02DA282F558F09009EBF35 /* 7268504077753552595.tex in Resources */ = {isa = PBXBuildFile; fileRef = BA02D9CB2F558F09009EBF35 /* 7268504077753552595.tex */; };
		BA02DA292F558F09009EBF35 /* 11490520546946913238.tex in Resources */ = {isa = PBXBuildFile; fileRef = BA02D9DD2F558F09009EBF35 /* 11490520546946913238.tex */; };
		BA02DA2A2F558F09009EBF35 /* 2775690330959970771.tex in Resources */ = {isa = PBXBuildFile; fileRef = BA02D9B62F558F09009EBF35 /* 2775690330959970771.tex */; };
		BA02DA2B2F558F09009EBF35 /* 15295713303328085182.tex in Resources */ = {isa = PBXBuildFile; fileRef = BA02D9E82F558F09009EBF35 /* 15295713303328085182.tex */; };
		BA02DA2C2F558F09009EBF35 /* 6667038893015345571.tex in Resources */ = {isa = PBXBuildFile; fileRef = BA02D9C82F558F09009EBF35 /* 6667038893015345571.tex */; };
		BA02DA2D2F558F09009EBF35 /* 5823059166183034438.tex in Resources */ = {isa = PBXBuildFile; fileRef = BA02D9C42F558F09009EBF35 /* 5823059166183034438.tex */; };
		BA02DA2E2F558F09009EBF35 /* 13982482287905699490.tex in Resources */ = {isa = PBXBuildFile; fileRef = BA02D9E32F558F09009EBF35 /* 13982482287905699490.tex */; };
		BA02DA2F2F558F09009EBF35 /* 4477655471536070370.tex in Resources */ = {isa = PBXBuildFile; fileRef = BA02D9BC2F558F09009EBF35 /* 4477655471536070370.tex */; };
		BA02DA302F558F09009EBF35 /* 8503262930880235456.tex in Resources */ = {isa = PBXBuildFile; fileRef = BA02D9D32F558F09009EBF35 /* 8503262930880235456.tex */; };
		BA02DA312F558F09009EBF35 /* 2185409758123873465.tex in Resources */ = {isa = PBXBuildFile; fileRef = BA02D9B22F558F09009EBF35 /* 2185409758123873465.tex */; };
		BA02DA322F558F09009EBF35 /* 3455394979645218238.tex in Resources */ = {isa = PBXBuildFile; fileRef = BA02D9B92F558F09009EBF35 /* 3455394979645218238.tex */; };
		BA02DA332F558F09009EBF35 /* 466164707995436622.tex in Resources */ = {isa = PBXBuildFile; fileRef = BA02D9AC2F558F09009EBF35 /* 466164707995436622.tex */; };
		BA02DA342F558F09009EBF35 /* 11872827283454512094.tex in Resources */ = {isa = PBXBuildFile; fileRef = BA02D9DE2F558F09009EBF35 /* 11872827283454512094.tex */; };
		BA02DA352F558F09009EBF35 /* 16299174074766089871.tex in Resources */ = {isa = PBXBuildFile; fileRef = BA02D9EB2F558F09009EBF35 /* 16299174074766089871.tex */; };
		BA02DA362F558F09009EBF35 /* 17876391417123941155.tex in Resources */ = {isa = PBXBuildFile; fileRef = BA02D9EE2F558F09009EBF35 /* 17876391417123941155.tex */; };
		BA02DA372F558F09009EBF35 /* 14118779221266351425.tex in Resources */ = {isa = PBXBuildFile; fileRef = BA02D9E42F558F09009EBF35 /* 14118779221266351425.tex */; };
		BA02DA382F558F09009EBF35 /* 3827035219084910048.tex in Resources */ = {isa = PBXBuildFile; fileRef = BA02D9BB2F558F09009EBF35 /* 3827035219084910048.tex */; };
		BA02DA3D2F559466009EBF35 /* Cube.bin in Resources */ = {isa = PBXBuildFile; fileRef = BA02DA392F559466009EBF35 /* Cube.bin */; };
		BA02DA3E2F559466009EBF35 /* Cube_MetallicRoughness.tex in Resources */ = {isa = PBXBuildFile; fileRef = BA02DA3B2F559466009EBF35 /* Cube_MetallicRoughness.tex */; };
		BA02DA3F2F559466009EBF35 /* Cube_BaseColor.tex in Resources */ = {isa = PBXBuildFile; fileRef = BA02DA3A2F559466009EBF35 /* Cube_BaseColor.tex */; };
		BA91F3682F4F2ED800BF334B /* TestTexture.png in Resources */ = {isa = PBXBuildFile; fileRef = BA91F3662F4F2ED800BF334B /* TestTexture.png */; };
		BA91F36A2F4F2ED800BF334B /* InferredTestTexture.png in Resources */ = {isa = PBXBuildFile; fileRef = BA91F3652F4F2ED800BF334B /* InferredTestTexture.png */; };
		BA91F3852F4F4BC900BF334B /* 2_input_neural_brdf.mlpackage in Sources */ = {isa = PBXBuildFile; fileRef = BA91F3812F4F4BC900BF334B /* 2_input_neural_brdf.mlpackage */; };
		BA91F3862F4F4BC900BF334B /* 2_input_neural_brdf.pth in Resources */ = {isa = PBXBuildFile; fileRef = BA91F3832F4F4BC900BF334B /* 2_input_neural_brdf.pth */; };
		BA91F3872F4F4BC900BF334B /* 2_input_neural_brdf.mtlpackage in Resources */ = {isa = PBXBuildFile; fileRef = BA91F3822F4F4BC900BF334B /* 2_input_neural_brdf.mtlpackage */; };
		BAA3CC4B2F55A17F0096A85B /* door_stoneframe_02_Roughnessdoor_stoneframe_02_Metalness.tex in Resources */ = {isa = PBXBuildFile; fileRef = BAA3CC242F55A17E0096A85B /* door_stoneframe_02_Roughnessdoor_stoneframe_02_Metalness.tex */; };
		BAA3CC4C2F55A17F0096A85B /* IntelSponza.bin in Resources */ = {isa = PBXBuildFile; fileRef = BAA3CC282F55A17E0096A85B /* IntelSponza.bin */; };
		BAA3CC4D2F55A17F0096A85B /* lionhead_01_BaseColor.tex in Resources */ = {isa = PBXBuildFile; fileRef = BAA3CC292F55A17E0096A85B /* lionhead_01_BaseColor.tex */; };
		BAA3CC4E2F55A17F0096A85B /* stone_trims_02_Roughnessstone_trims_02_Metalness.tex in Resources */ = {isa = PBXBuildFile; fileRef = BAA3CC3D2F55A17E0096A85B /* stone_trims_02_Roughnessstone_trims_02_Metalness.tex */; };
		BAA3CC4F2F55A17F0096A85B /* col_1stfloor_BaseColor.tex in Resources */ = {isa = PBXBuildFile; fileRef = BAA3CC0A2F55A17E0096A85B /* col_1stfloor_BaseColor.tex */; };
		BAA3CC502F55A17F0096A85B /* floor_tiles_01_Roughnessfloor_tiles_01_Metalness.tex in Resources */ = {isa = PBXBuildFile; fileRef = BAA3CC272F55A17E0096A85B /* floor_tiles_01_Roughnessfloor_tiles_01_Metalness.tex */; };
		BAA3CC512F55A17F0096A85B /* window_frame_01_Normal.tex in Resources */ = {isa = PBXBuildFile; fileRef = BAA3CC422F55A17E0096A85B /* window_frame_01_Normal.tex */; };
		BAA3CC522F55A17F0096A85B /* curtain_fabric_red_BaseColor.tex in Resources */ = {isa = PBXBuildFile; fileRef = BAA3CC1C2F55A17E0096A85B /* curtain_fabric_red_BaseColor.tex */; };
		BAA3CC532F55A17F0096A85B /* brickwall_02_Roughnessbrickwall_02_Metalness.tex in Resources */ = {isa = PBXBuildFile; fileRef = BAA3CC042F55A17E0096A85B /* brickwall_02_Roughnessbrickwall_02_Metalness.tex */; };
		BAA3CC542F55A17F0096A85B /* metal_door_01_BaseColor.tex in Resources */ = {isa = PBXBuildFile; fileRef = BAA3CC2C2F55A17E0096A85B /* metal_door_01_BaseColor.tex */; };
		BAA3CC552F55A17F0096A85B /* ceiling_plaster_02_Roughnessceiling_plaster_01_Metalness.tex in Resources */ = {isa = PBXBuildFile; fileRef = BAA3CC092F55A17E0096A85B /* ceiling_plaster_02_Roughnessceiling_plaster_01_Metalness.tex */; };
		BAA3CC562F55A17F0096A85B /* ceiling_plaster_02_BaseColor.tex in Resources */ = {isa = PBXBuildFile; fileRef = BAA3CC082F55A17E0096A85B /* ceiling_plaster_02_BaseColor.tex */; };
		BAA3CC572F55A17F0096A85B /* door_stoneframe_02_Normal.tex in Resources */ = {isa = PBXBuildFile; fileRef = BAA3CC232F55A17E0096A85B /* door_stoneframe_02_Normal.tex */; };
		BAA3CC582F55A17F0096A85B /* ornament_01_BaseColor.tex in Resources */ = {isa = PBXBuildFile; fileRef = BAA3CC2F2F55A17E0096A85B /* ornament_01_BaseColor.tex */; };
		BAA3CC592F55A17F0096A85B /* ceiling_plaster_01_BaseColor.tex in Resources */ = {isa = PBXBuildFile; fileRef = BAA3CC052F55A17E0096A85B /* ceiling_plaster_01_BaseColor.tex */; };
		BAA3CC5A2F55A17F0096A85B /* stone_trims_02_Normal.tex in Resources */ = {isa = PBXBuildFile; fileRef = BAA3CC3C2F55A17E0096A85B /* stone_trims_02_Normal.tex */; };
		BAA3CC5B2F55A17F0096A85B /* ceiling_plaster_01_Normal.tex in Resources */ = {isa = PBXBuildFile; fileRef = BAA3CC062F55A17E0096A85B /* ceiling_plaster_01_Normal.tex */; };
		BAA3CC5C2F55A17F0096A85B /* ceiling_plaster_01_Roughnessceiling_plaster_01_Metalness.tex in Resources */ = {isa = PBXBuildFile; fileRef = BAA3CC072F55A17E0096A85B /* ceiling_plaster_01_Roughnessceiling_plaster_01_Metalness.tex */; };
		BAA3CC5D2F55A17F0096A85B /* col_brickwall_01_BaseColor.tex in Resources */ = {isa = PBXBuildFile; fileRef = BAA3CC0D2F55A17E0096A85B /* col_brickwall_01_BaseColor.tex */; };
		BAA3CC5E2F55A17F0096A85B /* col_head_1stfloor_Roughnesscol_head_1stfloor_Metalness.tex in Resources */ = {isa = PBXBuildFile; fileRef = BAA3CC122F55A17E0096A85B /* col_head_1stfloor_Roughnesscol_head_1stfloor_Metalness.tex */; };
		BAA3CC5F2F55A17F0096A85B /* curtain_fabric_green_BaseColor.tex in Resources */ = {isa = PBXBuildFile; fileRef = BAA3CC1A2F55A17E0096A85B /* curtain_fabric_green_BaseColor.tex */; };
		BAA3CC602F55A17F0096A85B /* stone_trims_02_BaseColor.tex in Resources */ = {isa = PBXBuildFile; fileRef = BAA3CC3B2F55A17E0096A85B /* stone_trims_02_BaseColor.tex */; };
		BAA3CC612F55A17F0096A85B /* door_stoneframe_01_BaseColor.tex in Resources */ = {isa = PBXBuildFile; fileRef = BAA3CC1F2F55A17E0096A85B /* door_stoneframe_01_BaseColor.tex */; };
		BAA3CC622F55A17F0096A85B /* brickwall_01_Normal.tex in Resources */ = {isa = PBXBuildFile; fileRef = BAA3CC002F55A17E0096A85B /* brickwall_01_Normal.tex */; };
		BAA3CC632F55A17F0096A85B /* wood_tile_01_Roughnesswood_tile_01_Metalness.tex in Resources */ = {isa = PBXBuildFile; fileRef = BAA3CC492F55A17E0096A85B /* wood_tile_01_Roughnesswood_tile_01_Metalness.tex */; };
		BAA3CC642F55A17F0096A85B /* brickwall_02_Normal.tex in Resources */ = {isa = PBXBuildFile; fileRef = BAA3CC032F55A17E0096A85B /* brickwall_02_Normal.tex */; };
		BAA3CC652F55A17F0096A85B /* wood_tile_01_BaseColor.tex in Resources */ = {isa = PBXBuildFile; fileRef = BAA3CC472F55A17E0096A85B /* wood_tile_01_BaseColor.tex */; };
		BAA3CC662F55A17F0096A85B /* col_head_2ndfloor_02_BaseColor.tex in Resources */ = {isa = PBXBuildFile; fileRef = BAA3CC132F55A17E0096A85B /* col_head_2ndfloor_02_BaseColor.tex */; };
		BAA3CC672F55A17F0096A85B /* col_brickwall_01_Normal.tex in Resources */ = {isa = PBXBuildFile; fileRef = BAA3CC0E2F55A17E0096A85B /* col_brickwall_01_Normal.tex */; };
		BAA3CC682F55A17F0096A85B /* stone_01_tile_Roughnessstone_01_tile_Metalness.tex in Resources */ = {isa = PBXBuildFile; fileRef = BAA3CC372F55A17E0096A85B /* stone_01_tile_Roughnessstone_01_tile_Metalness.tex */; };
		BAA3CC692F55A17F0096A85B /* metal_door_01_Normal.tex in Resources */ = {isa = PBXBuildFile; fileRef = BAA3CC2D2F55A17E0096A85B /* metal_door_01_Normal.tex */; };
		BAA3CC6A2F55A17F0096A85B /* brickwall_01_Roughnessbrickwall_01_Metalness.tex in Resources */ = {isa = PBXBuildFile; fileRef = BAA3CC012F55A17E0096A85B /* brickwall_01_Roughnessbrickwall_01_Metalness.tex */; };
		BAA3CC6B2F55A17F0096A85B /* stones_2ndfloor_01_Normal.tex in Resources */ = {isa = PBXBuildFile; fileRef = BAA3CC3F2F55A17E0096A85B /* stones_2ndfloor_01_Normal.tex */; };
		BAA3CC6C2F55A17F0096A85B /* arch_stone_wall_01_BaseColor.tex in Resources */ = {isa = PBXBuildFile; fileRef = BAA3CBFC2F55A17E0096A85B /* arch_stone_wall_01_BaseColor.tex */; };
		BAA3CC6D2F55A17F0096A85B /* ornament_01_Normal.tex in Resources */ = {isa = PBXBuildFile; fileRef = BAA3CC302F55A17E0096A85B /* ornament_01_Normal.tex */; };
		BAA3CC6E2F55A17F0096A85B /* floor_tiles_01_BaseColor.tex in Resources */ = {isa = PBXBuildFile; fileRef = BAA3CC252F55A17E0096A85B /* floor_tiles_01_BaseColor.tex */; };
		BAA3CC6F2F55A17F0096A85B /* brickwall_01_BaseColor.tex in Resources */ = {isa = PBXBuildFile; fileRef = BAA3CBFF2F55A17E0096A85B /* brickwall_01_BaseColor.tex */; };
		BAA3CC702F55A17F0096A85B /* stone_01_tile_Normal.tex in Resources */ = {isa = PBXBuildFile; fileRef = BAA3CC362F55A17E0096A85B /* stone_01_tile_Normal.tex */; };
		BAA3CC712F55A17F0096A85B /* col_head_2ndfloor_02_Normal.tex in Resources */ = {isa = PBXBuildFile; fileRef = BAA3CC142F55A17E0096A85B /* col_head_2ndfloor_02_Normal.tex */; };
		BAA3CC722F55A17F0096A85B /* brickwall_02_BaseColor.tex in Resources */ = {isa = PBXBuildFile; fileRef = BAA3CC022F55A17E0096A85B /* brickwall_02_BaseColor.tex */; };
		BAA3CC732F55A17F0096A85B /* col_head_2ndfloor_02_Roughnesscol_head_2ndfloor_02_Metalness.tex in Resources */ = {isa = PBXBuildFile; fileRef = BAA3CC152F55A17E0096A85B /* col_head_2ndfloor_02_Roughnesscol_head_2ndfloor_02_Metalness.tex */; };
		BAA3CC742F55A17F0096A85B /* wood_tile_01_Normal.tex in Resources */ = {isa = PBXBuildFile; fileRef = BAA3CC482F55A17E0096A85B /* wood_tile_01_Normal.tex */; };
		BAA3CC752F55A17F0096A85B /* stone_trims_01_Roughnessstone_trims_01_Metalness.tex in Resources */ = {isa = PBXBuildFile; fileRef = BAA3CC3A2F55A17E0096A85B /* stone_trims_01_Roughnessstone_trims_01_Metalness.tex */; };
		BAA3CC762F55A17F0096A85B /* col_head_2ndfloor_03_Normal.tex in Resources */ = {isa = PBXBuildFile; fileRef = BAA3CC172F55A17E0096A85B /* col_head_2ndfloor_03_Normal.tex */; };
		BAA3CC772F55A17F0096A85B /* roof_tiles_01_Roughnessroof_tiles_01_Metalness.tex in Resources */ = {isa = PBXBuildFile; fileRef = BAA3CC342F55A17E0096A85B /* roof_tiles_01_Roughnessroof_tiles_01_Metalness.tex */; };
		BAA3CC782F55A17F0096A85B /* wood_door_01_BaseColor.tex in Resources */ = {isa = PBXBuildFile; fileRef = BAA3CC442F55A17E0096A85B /* wood_door_01_BaseColor.tex */; };
		BAA3CC792F55A17F0096A85B /* dirt_decal_01_dirt_decal_01_mask_gltf_alpha_dirt_decal_Opacity.tex in Resources */ = {isa = PBXBuildFile; fileRef = BAA3CC1E2F55A17E0096A85B /* dirt_decal_01_dirt_decal_01_mask_gltf_alpha_dirt_decal_Opacity.tex */; };
		BAA3CC7A2F55A17F0096A85B /* door_stoneframe_02_BaseColor.tex in Resources */ = {isa = PBXBuildFile; fileRef = BAA3CC222F55A17E0096A85B /* door_stoneframe_02_BaseColor.tex */; };
		BAA3CC7B2F55A17F0096A85B /* window_frame_01_BaseColor.tex in Resources */ = {isa = PBXBuildFile; fileRef = BAA3CC412F55A17E0096A85B /* window_frame_01_BaseColor.tex */; };
		BAA3CC7C2F55A17F0096A85B /* col_head_2ndfloor_03_BaseColor.tex in Resources */ = {isa = PBXBuildFile; fileRef = BAA3CC162F55A17E0096A85B /* col_head_2ndfloor_03_BaseColor.tex */; };
		BAA3CC7D2F55A17F0096A85B /* curtain_fabric_blue_BaseColor.tex in Resources */ = {isa = PBXBuildFile; fileRef = BAA3CC192F55A17E0096A85B /* curtain_fabric_blue_BaseColor.tex */; };
		BAA3CC7E2F55A17F0096A85B /* stones_2ndfloor_01_BaseColor.tex in Resources */ = {isa = PBXBuildFile; fileRef = BAA3CC3E2F55A17E0096A85B /* stones_2ndfloor_01_BaseColor.tex */; };
		BAA3CC7F2F55A17F0096A85B /* arch_stone_wall_01_Normal.tex in Resources */ = {isa = PBXBuildFile; fileRef = BAA3CBFD2F55A17E0096A85B /* arch_stone_wall_01_Normal.tex */; };
		BAA3CC802F55A17F0096A85B /* door_stoneframe_01_Roughnessdoor_stoneframe_01_Metalness.tex in Resources */ = {isa = PBXBuildFile; fileRef = BAA3CC212F55A17E0096A85B /* door_stoneframe_01_Roughnessdoor_stoneframe_01_Metalness.tex */; };
		BAA3CC812F55A17F0096A85B /* stone_trims_01_BaseColor.tex in Resources */ = {isa = PBXBuildFile; fileRef = BAA3CC382F55A17E0096A85B /* stone_trims_01_BaseColor.tex */; };
		BAA3CC822F55A17F0096A85B /* wood_door_01_Roughnesswood_door_01_Metalness.tex in Resources */ = {isa = PBXBuildFile; fileRef = BAA3CC462F55A17E0096A85B /* wood_door_01_Roughnesswood_door_01_Metalness.tex */; };
		BAA3CC832F55A17F0096A85B /* col_brickwall_01_Roughnesscol_brickwall_01_Metalness.tex in Resources */ = {isa = PBXBuildFile; fileRef = BAA3CC0F2F55A17E0096A85B /* col_brickwall_01_Roughnesscol_brickwall_01_Metalness.tex */; };
		BAA3CC842F55A17F0096A85B /* col_head_1stfloor_BaseColor.tex in Resources */ = {isa = PBXBuildFile; fileRef = BAA3CC102F55A17E0096A85B /* col_head_1stfloor_BaseColor.tex */; };
		BAA3CC852F55A17F0096A85B /* stone_trims_01_Normal.tex in Resources */ = {isa = PBXBuildFile; fileRef = BAA3CC392F55A17E0096A85B /* stone_trims_01_Normal.tex */; };
		BAA3CC862F55A17F0096A85B /* floor_tiles_01_Normal.tex in Resources */ = {isa = PBXBuildFile; fileRef = BAA3CC262F55A17E0096A85B /* floor_tiles_01_Normal.tex */; };
		BAA3CC872F55A17F0096A85B /* window_frame_01_Roughnesswindow_frame_01_Metalness.tex in Resources */ = {isa = PBXBuildFile; fileRef = BAA3CC432F55A17E0096A85B /* window_frame_01_Roughnesswindow_frame_01_Metalness.tex */; };
		BAA3CC882F55A17F0096A85B /* col_head_1stfloor_Normal.tex in Resources */ = {isa = PBXBuildFile; fileRef = BAA3CC112F55A17E0096A85B /* col_head_1stfloor_Normal.tex */; };
		BAA3CC892F55A17F0096A85B /* roof_tiles_01_Normal.tex in Resources */ = {isa = PBXBuildFile; fileRef = BAA3CC332F55A17E0096A85B /* roof_tiles_01_Normal.tex */; };
		BAA3CC8A2F55A17F0096A85B /* col_1stfloor_Normal.tex in Resources */ = {isa = PBXBuildFile; fileRef = BAA3CC0B2F55A17E0096A85B /* col_1stfloor_Normal.tex */; };
		BAA3CC8B2F55A17F0096A85B /* arch_stone_wall_01_Roughnessarch_stone_wall_01_Metalness.tex in Resources */ = {isa = PBXBuildFile; fileRef = BAA3CBFE2F55A17E0096A85B /* arch_stone_wall_01_Roughnessarch_stone_wall_01_Metalness.tex */; };
		BAA3CC8C2F55A17F0096A85B /* lionhead_01_Normal.tex in Resources */ = {isa = PBXBuildFile; fileRef = BAA3CC2A2F55A17E0096A85B /* lionhead_01_Normal.tex */; };
		BAA3CC8D2F55A17F0096A85B /* roof_tiles_01_BaseColor.tex in Resources */ = {isa = PBXBuildFile; fileRef = BAA3CC322F55A17E0096A85B /* roof_tiles_01_BaseColor.tex */; };
		BAA3CC8E2F55A17F0096A85B /* lionhead_01_Roughnesslionhead_01_Metalness.tex in Resources */ = {isa = PBXBuildFile; fileRef = BAA3CC2B2F55A17E0096A85B /* lionhead_01_Roughnesslionhead_01_Metalness.tex */; };
		BAA3CC8F2F55A17F0096A85B /* door_stoneframe_01_Normal.tex in Resources */ = {isa = PBXBuildFile; fileRef = BAA3CC202F55A17E0096A85B /* door_stoneframe_01_Normal.tex */; };
		BAA3CC902F55A17F0096A85B /* col_head_2ndfloor_03_Roughnesscol_head_2ndfloor_03_Metalness.tex in Resources */ = {isa = PBXBuildFile; fileRef = BAA3CC182F55A17E0096A85B /* col_head_2ndfloor_03_Roughnesscol_head_2ndfloor_03_Metalness.tex */; };
		BAA3CC912F55A17F0096A85B /* stones_2ndfloor_01_Roughnessstones_2ndfloor_01_Metalness.tex in Resources */ = {isa = PBXBuildFile; fileRef = BAA3CC402F55A17E0096A85B /* stones_2ndfloor_01_Roughnessstones_2ndfloor_01_Metalness.tex */; };
		BAA3CC922F55A17F0096A85B /* col_1stfloor_Roughnesscol_1stfloor_Metalness.tex in Resources */ = {isa = PBXBuildFile; fileRef = BAA3CC0C2F55A17E0096A85B /* col_1stfloor_Roughnesscol_1stfloor_Metalness.tex */; };
		BAA3CC932F55A17F0096A85B /* metal_door_01_Roughnessmetal_door_01_Metalness.tex in Resources */ = {isa = PBXBuildFile; fileRef = BAA3CC2E2F55A17E0096A85B /* metal_door_01_Roughnessmetal_door_01_Metalness.tex */; };
		BAA3CC942F55A17F0096A85B /* curtain_fabric_Roughnesscurtain_fabric_Metalness.tex in Resources */ = {isa = PBXBuildFile; fileRef = BAA3CC1D2F55A17E0096A85B /* curtain_fabric_Roughnesscurtain_fabric_Metalness.tex */; };
		BAA3CC952F55A17F0096A85B /* curtain_fabric_Normal.tex in Resources */ = {isa = PBXBuildFile; fileRef = BAA3CC1B2F55A17E0096A85B /* curtain_fabric_Normal.tex */; };
		BAA3CC962F55A17F0096A85B /* ornament_01_Roughnessornament_01_Metalness.tex in Resources */ = {isa = PBXBuildFile; fileRef = BAA3CC312F55A17E0096A85B /* ornament_01_Roughnessornament_01_Metalness.tex */; };
		BAA3CC972F55A17F0096A85B /* wood_door_01_Normal.tex in Resources */ = {isa = PBXBuildFile; fileRef = BAA3CC452F55A17E0096A85B /* wood_door_01_Normal.tex */; };
		BAA3CC982F55A17F0096A85B /* stone_01_tile_BaseColor.tex in Resources */ = {isa = PBXBuildFile; fileRef = BAA3CC352F55A17E0096A85B /* stone_01_tile_BaseColor.tex */; };
/* End PBXBuildFile section */

/* Begin PBXCopyFilesBuildPhase section */
		BA02D9582F557A58009EBF35 /* CopyFiles */ = {
			isa = PBXCopyFilesBuildPhase;
			buildActionMask = 2147483647;
			dstPath = /usr/share/man/man1/;
			dstSubfolderSpec = 0;
			files = (
			);
			runOnlyForDeploymentPostprocessing = 1;
		};
/* End PBXCopyFilesBuildPhase section */

/* Begin PBXFileReference section */
		BA02D95A2F557A58009EBF35 /* AssetBaker */ = {isa = PBXFileReference; explicitFileType = "compiled.mach-o.executable"; includeInIndex = 0; path = AssetBaker; sourceTree = BUILT_PRODUCTS_DIR; };
		BA02D9942F557EB0009EBF35 /* libate.tbd */ = {isa = PBXFileReference; lastKnownFileType = "sourcecode.text-based-dylib-definition"; name = libate.tbd; path = usr/lib/libate.tbd; sourceTree = SDKROOT; };
		BA02D9AB2F558F09009EBF35 /* 332936164838540657.tex */ = {isa = PBXFileReference; lastKnownFileType = file; path = 332936164838540657.tex; sourceTree = "<group>"; };
		BA02D9AC2F558F09009EBF35 /* 466164707995436622.tex */ = {isa = PBXFileReference; lastKnownFileType = file; path = 466164707995436622.tex; sourceTree = "<group>"; };
		BA02D9AD2F558F09009EBF35 /* 715093869573992647.tex */ = {isa = PBXFileReference; lastKnownFileType = file; path = 715093869573992647.tex; sourceTree = "<group>"; };
		BA02D9AE2F558F09009EBF35 /* 755318871556304029.tex */ = {isa = PBXFileReference; lastKnownFileType = file; path = 755318871556304029.tex; sourceTree = "<group>"; };
		BA02D9AF2F558F09009EBF35 /* 759203620573749278.tex */ = {isa = PBXFileReference; lastKnownFileType = file; path = 759203620573749278.tex; sourceTree = "<group>"; };
		BA02D9B02F558F09009EBF35 /* 1219024358953944284.tex */ = {isa = PBXFileReference; lastKnownFileType = file; path = 1219024358953944284.tex; sourceTree = "<group>"; };
		BA02D9B12F558F09009EBF35 /* 2051777328469649772.tex */ = {isa = PBXFileReference; lastKnownFileType = file; path = 2051777328469649772.tex; sourceTree = "<group>"; };
		BA02D9B22F558F09009EBF35 /* 2185409758123873465.tex */ = {isa = PBXFileReference; lastKnownFileType = file; path = 2185409758123873465.tex; sourceTree = "<group>"; };
		BA02D9B32F558F09009EBF35 /* 2299742237651021498.tex */ = {isa = PBXFileReference; lastKnownFileType = file; path = 2299742237651021498.tex; sourceTree = "<group>"; };
		BA02D9B42F558F09009EBF35 /* 2374361008830720677.tex */ = {isa = PBXFileReference; lastKnownFileType = file; path = 2374361008830720677.tex; sourceTree = "<group>"; };
		BA02D9B52F558F09009EBF35 /* 2411100444841994089.tex */ = {isa = PBXFileReference; lastKnownFileType = file; path = 2411100444841994089.tex; sourceTree = "<group>"; };
		BA02D9B62F558F09009EBF35 /* 2775690330959970771.tex */ = {isa = PBXFileReference; lastKnownFileType = file; path = 2775690330959970771.tex; sourceTree = "<group>"; };
		BA02D9B72F558F09009EBF35 /* 2969916736137545357.tex */ = {isa = PBXFileReference; lastKnownFileType = file; path = 2969916736137545357.tex; sourceTree = "<group>"; };
		BA02D9B82F558F09009EBF35 /* 3371964815757888145.tex */ = {isa = PBXFileReference; lastKnownFileType = file; path = 3371964815757888145.tex; sourceTree = "<group>"; };
		BA02D9B92F558F09009EBF35 /* 3455394979645218238.tex */ = {isa = PBXFileReference; lastKnownFileType = file; path = 3455394979645218238.tex; sourceTree = "<group>"; };
		BA02D9BA2F558F09009EBF35 /* 3628158980083700836.tex */ = {isa = PBXFileReference; lastKnownFileType = file; path = 3628158980083700836.tex; sourceTree = "<group>"; };
		BA02D9BB2F558F09009EBF35 /* 3827035219084910048.tex */ = {isa = PBXFileReference; lastKnownFileType = file; path = 3827035219084910048.tex; sourceTree = "<group>"; };
		BA02D9BC2F558F09009EBF35 /* 4477655471536070370.tex */ = {isa = PBXFileReference; lastKnownFileType = file; path = 4477655471536070370.tex; sourceTree = "<group>"; };
		BA02D9BD2F558F09009EBF35 /* 4601176305987539675.tex */ = {isa = PBXFileReference; lastKnownFileType = file; path = 4601176305987539675.tex; sourceTree = "<group>"; };
		BA02D9BE2F558F09009EBF35 /* 4675343432951571524.tex */ = {isa = PBXFileReference; lastKnownFileType = file; path = 4675343432951571524.tex; sourceTree = "<group>"; };
		BA02D9BF2F558F09009EBF35 /* 4871783166746854860.tex */ = {isa = PBXFileReference; lastKnownFileType = file; path = 4871783166746854860.tex; sourceTree = "<group>"; };
		BA02D9C02F558F09009EBF35 /* 4910669866631290573.tex */ = {isa = PBXFileReference; lastKnownFileType = file; path = 4910669866631290573.tex; sourceTree = "<group>"; };
		BA02D9C12F558F09009EBF35 /* 4975155472559461469.tex */ = {isa = PBXFileReference; lastKnownFileType = file; path = 4975155472559461469.tex; sourceTree = "<group>"; };
		BA02D9C22F558F09009EBF35 /* 5061699253647017043.tex */ = {isa = PBXFileReference; lastKnownFileType = file; path = 5061699253647017043.tex; sourceTree = "<group>"; };
		BA02D9C32F558F09009EBF35 /* 5792855332885324923.tex */ = {isa = PBXFileReference; lastKnownFileType = file; path = 5792855332885324923.tex; sourceTree = "<group>"; };
		BA02D9C42F558F09009EBF35 /* 5823059166183034438.tex */ = {isa = PBXFileReference; lastKnownFileType = file; path = 5823059166183034438.tex; sourceTree = "<group>"; };
		BA02D9C52F558F09009EBF35 /* 6047387724914829168.tex */ = {isa = PBXFileReference; lastKnownFileType = file; path = 6047387724914829168.tex; sourceTree = "<group>"; };
		BA02D9C62F558F09009EBF35 /* 6151467286084645207.tex */ = {isa = PBXFileReference; lastKnownFileType = file; path = 6151467286084645207.tex; sourceTree = "<group>"; };
		BA02D9C72F558F09009EBF35 /* 6593109234861095314.tex */ = {isa = PBXFileReference; lastKnownFileType = file; path = 6593109234861095314.tex; sourceTree = "<group>"; };
		BA02D9C82F558F09009EBF35 /* 6667038893015345571.tex */ = {isa = PBXFileReference; lastKnownFileType = file; path = 6667038893015345571.tex; sourceTree = "<group>"; };
		BA02D9C92F558F09009EBF35 /* 6772804448157695701.tex */ = {isa = PBXFileReference; lastKnownFileType = file; path = 6772804448157695701.tex; sourceTree = "<group>"; };
		BA02D9CA2F558F09009EBF35 /* 7056944414013900257.tex */ = {isa = PBXFileReference; lastKnownFileType = file; path = 7056944414013900257.tex; sourceTree = "<group>"; };
		BA02D9CB2F558F09009EBF35 /* 7268504077753552595.tex */ = {isa = PBXFileReference; lastKnownFileType = file; path = 7268504077753552595.tex; sourceTree = "<group>"; };
		BA02D9CC2F558F09009EBF35 /* 7441062115984513793.tex */ = {isa = PBXFileReference; lastKnownFileType = file; path = 7441062115984513793.tex; sourceTree = "<group>"; };
		BA02D9CD2F558F09009EBF35 /* 7645212358685992005.tex */ = {isa = PBXFileReference; lastKnownFileType = file; path = 7645212358685992005.tex; sourceTree = "<group>"; };
		BA02D9CE2F558F09009EBF35 /* 7815564343179553343.tex */ = {isa = PBXFileReference; lastKnownFileType = file; path = 7815564343179553343.tex; sourceTree = "<group>"; };
		BA02D9CF2F558F09009EBF35 /* 8006627369776289000.tex */ = {isa = PBXFileReference; lastKnownFileType = file; path = 8006627369776289000.tex; sourceTree = "<group>"; };
		BA02D9D02F558F09009EBF35 /* 8051790464816141987.tex */ = {isa = PBXFileReference; lastKnownFileType = file; path = 8051790464816141987.tex; sourceTree = "<group>"; };
		BA02D9D12F558F09009EBF35 /* 8114461559286000061.tex */ = {isa = PBXFileReference; lastKnownFileType = file; path = 8114461559286000061.tex; sourceTree = "<group>"; };
		BA02D9D22F558F09009EBF35 /* 8481240838833932244.tex */ = {isa = PBXFileReference; lastKnownFileType = file; path = 8481240838833932244.tex; sourceTree = "<group>"; };
		BA02D9D32F558F09009EBF35 /* 8503262930880235456.tex */ = {isa = PBXFileReference; lastKnownFileType = file; path = 8503262930880235456.tex; sourceTree = "<group>"; };
		BA02D9D42F558F09009EBF35 /* 8747919177698443163.tex */ = {isa = PBXFileReference; lastKnownFileType = file; path = 8747919177698443163.tex; sourceTree = "<group>"; };
		BA02D9D52F558F09009EBF35 /* 8750083169368950601.tex */ = {isa = PBXFileReference; lastKnownFileType = file; path = 8750083169368950601.tex; sourceTree = "<group>"; };
		BA02D9D62F558F09009EBF35 /* 8773302468495022225.tex */ = {isa = PBXFileReference; lastKnownFileType = file; path = 8773302468495022225.tex; sourceTree = "<group>"; };
		BA02D9D72F558F09009EBF35 /* 8783994986360286082.tex */ = {isa = PBXFileReference; lastKnownFileType = file; path = 8783994986360286082.tex; sourceTree = "<group>"; };
		BA02D9D82F558F09009EBF35 /* 9288698199695299068.tex */ = {isa = PBXFileReference; lastKnownFileType = file; path = 9288698199695299068.tex; sourceTree = "<group>"; };
		BA02D9D92F558F09009EBF35 /* 9916269861720640319.tex */ = {isa = PBXFileReference; lastKnownFileType = file; path = 9916269861720640319.tex; sourceTree = "<group>"; };
		BA02D9DA2F558F09009EBF35 /* 10381718147657362067.tex */ = {isa = PBXFileReference; lastKnownFileType = file; path = 10381718147657362067.tex; sourceTree = "<group>"; };
		BA02D9DB2F558F09009EBF35 /* 10388182081421875623.tex */ = {isa = PBXFileReference; lastKnownFileType = file; path = 10388182081421875623.tex; sourceTree = "<group>"; };
		BA02D9DC2F558F09009EBF35 /* 11474523244911310074.tex */ = {isa = PBXFileReference; lastKnownFileType = file; path = 11474523244911310074.tex; sourceTree = "<group>"; };
		BA02D9DD2F558F09009EBF35 /* 11490520546946913238.tex */ = {isa = PBXFileReference; lastKnownFileType = file; path = 11490520546946913238.tex; sourceTree = "<group>"; };
		BA02D9DE2F558F09009EBF35 /* 11872827283454512094.tex */ = {isa = PBXFileReference; lastKnownFileType = file; path = 11872827283454512094.tex; sourceTree = "<group>"; };
		BA02D9DF2F558F09009EBF35 /* 11968150294050148237.tex */ = {isa = PBXFileReference; lastKnownFileType = file; path = 11968150294050148237.tex; sourceTree = "<group>"; };
		BA02D9E02F558F09009EBF35 /* 12501374198249454378.tex */ = {isa = PBXFileReference; lastKnownFileType = file; path = 12501374198249454378.tex; sourceTree = "<group>"; };
		BA02D9E12F558F09009EBF35 /* 13196865903111448057.tex */ = {isa = PBXFileReference; lastKnownFileType = file; path = 13196865903111448057.tex; sourceTree = "<group>"; };
		BA02D9E22F558F09009EBF35 /* 13824894030729245199.tex */ = {isa = PBXFileReference; lastKnownFileType = file; path = 13824894030729245199.tex; sourceTree = "<group>"; };
		BA02D9E32F558F09009EBF35 /* 13982482287905699490.tex */ = {isa = PBXFileReference; lastKnownFileType = file; path = 13982482287905699490.tex; sourceTree = "<group>"; };
		BA02D9E42F558F09009EBF35 /* 14118779221266351425.tex */ = {isa = PBXFileReference; lastKnownFileType = file; path = 14118779221266351425.tex; sourceTree = "<group>"; };
		BA02D9E52F558F09009EBF35 /* 14170708867020035030.tex */ = {isa = PBXFileReference; lastKnownFileType = file; path = 14170708867020035030.tex; sourceTree = "<group>"; };
		BA02D9E62F558F09009EBF35 /* 14267839433702832875.tex */ = {isa = PBXFileReference; lastKnownFileType = file; path = 14267839433702832875.tex; sourceTree = "<group>"; };
		BA02D9E72F558F09009EBF35 /* 14650633544276105767.tex */ = {isa = PBXFileReference; lastKnownFileType = file; path = 14650633544276105767.tex; sourceTree = "<group>"; };
		BA02D9E82F558F09009EBF35 /* 15295713303328085182.tex */ = {isa = PBXFileReference; lastKnownFileType = file; path = 15295713303328085182.tex; sourceTree = "<group>"; };
		BA02D9E92F558F09009EBF35 /* 15722799267630235092.tex */ = {isa = PBXFileReference; lastKnownFileType = file; path = 15722799267630235092.tex; sourceTree = "<group>"; };
		BA02D9EA2F558F09009EBF35 /* 16275776544635328252.tex */ = {isa = PBXFileReference; lastKnownFileType = file; path = 16275776544635328252.tex; sourceTree = "<group>"; };
		BA02D9EB2F558F09009EBF35 /* 16299174074766089871.tex */ = {isa = PBXFileReference; lastKnownFileType = file; path = 16299174074766089871.tex; sourceTree = "<group>"; };
		BA02D9EC2F558F09009EBF35 /* 16885566240357350108.tex */ = {isa = PBXFileReference; lastKnownFileType = file; path = 16885566240357350108.tex; sourceTree = "<group>"; };
		BA02D9ED2F558F09009EBF35 /* 17556969131407844942.tex */ = {isa = PBXFileReference; lastKnownFileType = file; path = 17556969131407844942.tex; sourceTree = "<group>"; };
		BA02D9EE2F558F09009EBF35 /* 17876391417123941155.tex */ = {isa = PBXFileReference; lastKnownFileType = file; path = 17876391417123941155.tex; sourceTree = "<group>"; };
		BA02D9EF2F558F09009EBF35 /* Sponza.bin */ = {isa = PBXFileReference; lastKnownFileType = archive.macbinary; path = Sponza.bin; sourceTree = "<group>"; };
		BA02D9F02F558F09009EBF35 /* white.tex */ = {isa = PBXFileReference; lastKnownFileType = file; path = white.tex; sourceTree = "<group>"; };
		BA02DA392F559466009EBF35 /* Cube.bin */ = {isa = PBXFileReference; lastKnownFileType = archive.macbinary; path = Cube.bin; sourceTree = "<group>"; };
		BA02DA3A2F559466009EBF35 /* Cube_BaseColor.tex */ = {isa = PBXFileReference; lastKnownFileType = file; path = Cube_BaseColor.tex; sourceTree = "<group>"; };
		BA02DA3B2F559466009EBF35 /* Cube_MetallicRoughness.tex */ = {isa = PBXFileReference; lastKnownFileType = file; path = Cube_MetallicRoughness.tex; sourceTree = "<group>"; };
		BA87BC202F4B95BD00AC823E /* Neural Graphics.app */ = {isa = PBXFileReference; explicitFileType = wrapper.application; includeInIndex = 0; path = "Neural Graphics.app"; sourceTree = BUILT_PRODUCTS_DIR; };
		BA91F3652F4F2ED800BF334B /* InferredTestTexture.png */ = {isa = PBXFileReference; lastKnownFileType = image.png; path = InferredTestTexture.png; sourceTree = "<group>"; };
		BA91F3662F4F2ED800BF334B /* TestTexture.png */ = {isa = PBXFileReference; lastKnownFileType = image.png; path = TestTexture.png; sourceTree = "<group>"; };
		BA91F3812F4F4BC900BF334B /* 2_input_neural_brdf.mlpackage */ = {isa = PBXFileReference; lastKnownFileType = folder.mlpackage; path = 2_input_neural_brdf.mlpackage; sourceTree = "<group>"; };
		BA91F3822F4F4BC900BF334B /* 2_input_neural_brdf.mtlpackage */ = {isa = PBXFileReference; lastKnownFileType = wrapper; path = 2_input_neural_brdf.mtlpackage; sourceTree = "<group>"; };
		BA91F3832F4F4BC900BF334B /* 2_input_neural_brdf.pth */ = {isa = PBXFileReference; lastKnownFileType = file; path = 2_input_neural_brdf.pth; sourceTree = "<group>"; };
		BAA3CBFC2F55A17E0096A85B /* arch_stone_wall_01_BaseColor.tex */ = {isa = PBXFileReference; lastKnownFileType = file; path = arch_stone_wall_01_BaseColor.tex; sourceTree = "<group>"; };
		BAA3CBFD2F55A17E0096A85B /* arch_stone_wall_01_Normal.tex */ = {isa = PBXFileReference; lastKnownFileType = file; path = arch_stone_wall_01_Normal.tex; sourceTree = "<group>"; };
		BAA3CBFE2F55A17E0096A85B /* arch_stone_wall_01_Roughnessarch_stone_wall_01_Metalness.tex */ = {isa = PBXFileReference; lastKnownFileType = file; path = arch_stone_wall_01_Roughnessarch_stone_wall_01_Metalness.tex; sourceTree = "<group>"; };
		BAA3CBFF2F55A17E0096A85B /* brickwall_01_BaseColor.tex */ = {isa = PBXFileReference; lastKnownFileType = file; path = brickwall_01_BaseColor.tex; sourceTree = "<group>"; };
		BAA3CC002F55A17E0096A85B /* brickwall_01_Normal.tex */ = {isa = PBXFileReference; lastKnownFileType = file; path = brickwall_01_Normal.tex; sourceTree = "<group>"; };
		BAA3CC012F55A17E0096A85B /* brickwall_01_Roughnessbrickwall_01_Metalness.tex */ = {isa = PBXFileReference; lastKnownFileType = file; path = brickwall_01_Roughnessbrickwall_01_Metalness.tex; sourceTree = "<group>"; };
		BAA3CC022F55A17E0096A85B /* brickwall_02_BaseColor.tex */ = {isa = PBXFileReference; lastKnownFileType = file; path = brickwall_02_BaseColor.tex; sourceTree = "<group>"; };
		BAA3CC032F55A17E0096A85B /* brickwall_02_Normal.tex */ = {isa = PBXFileReference; lastKnownFileType = file; path = brickwall_02_Normal.tex; sourceTree = "<group>"; };
		BAA3CC042F55A17E0096A85B /* brickwall_02_Roughnessbrickwall_02_Metalness.tex */ = {isa = PBXFileReference; lastKnownFileType = file; path = brickwall_02_Roughnessbrickwall_02_Metalness.tex; sourceTree = "<group>"; };
		BAA3CC052F55A17E0096A85B /* ceiling_plaster_01_BaseColor.tex */ = {isa = PBXFileReference; lastKnownFileType = file; path = ceiling_plaster_01_BaseColor.tex; sourceTree = "<group>"; };
		BAA3CC062F55A17E0096A85B /* ceiling_plaster_01_Normal.tex */ = {isa = PBXFileReference; lastKnownFileType = file; path = ceiling_plaster_01_Normal.tex; sourceTree = "<group>"; };
		BAA3CC072F55A17E0096A85B /* ceiling_plaster_01_Roughnessceiling_plaster_01_Metalness.tex */ = {isa = PBXFileReference; lastKnownFileType = file; path = ceiling_plaster_01_Roughnessceiling_plaster_01_Metalness.tex; sourceTree = "<group>"; };
		BAA3CC082F55A17E0096A85B /* ceiling_plaster_02_BaseColor.tex */ = {isa = PBXFileReference; lastKnownFileType = file; path = ceiling_plaster_02_BaseColor.tex; sourceTree = "<group>"; };
		BAA3CC092F55A17E0096A85B /* ceiling_plaster_02_Roughnessceiling_plaster_01_Metalness.tex */ = {isa = PBXFileReference; lastKnownFileType = file; path = ceiling_plaster_02_Roughnessceiling_plaster_01_Metalness.tex; sourceTree = "<group>"; };
		BAA3CC0A2F55A17E0096A85B /* col_1stfloor_BaseColor.tex */ = {isa = PBXFileReference; lastKnownFileType = file; path = col_1stfloor_BaseColor.tex; sourceTree = "<group>"; };
		BAA3CC0B2F55A17E0096A85B /* col_1stfloor_Normal.tex */ = {isa = PBXFileReference; lastKnownFileType = file; path = col_1stfloor_Normal.tex; sourceTree = "<group>"; };
		BAA3CC0C2F55A17E0096A85B /* col_1stfloor_Roughnesscol_1stfloor_Metalness.tex */ = {isa = PBXFileReference; lastKnownFileType = file; path = col_1stfloor_Roughnesscol_1stfloor_Metalness.tex; sourceTree = "<group>"; };
		BAA3CC0D2F55A17E0096A85B /* col_brickwall_01_BaseColor.tex */ = {isa = PBXFileReference; lastKnownFileType = file; path = col_brickwall_01_BaseColor.tex; sourceTree = "<group>"; };
		BAA3CC0E2F55A17E0096A85B /* col_brickwall_01_Normal.tex */ = {isa = PBXFileReference; lastKnownFileType = file; path = col_brickwall_01_Normal.tex; sourceTree = "<group>"; };
		BAA3CC0F2F55A17E0096A85B /* col_brickwall_01_Roughnesscol_brickwall_01_Metalness.tex */ = {isa = PBXFileReference; lastKnownFileType = file; path = col_brickwall_01_Roughnesscol_brickwall_01_Metalness.tex; sourceTree = "<group>"; };
		BAA3CC102F55A17E0096A85B /* col_head_1stfloor_BaseColor.tex */ = {isa = PBXFileReference; lastKnownFileType = file; path = col_head_1stfloor_BaseColor.tex; sourceTree = "<group>"; };
		BAA3CC112F55A17E0096A85B /* col_head_1stfloor_Normal.tex */ = {isa = PBXFileReference; lastKnownFileType = file; path = col_head_1stfloor_Normal.tex; sourceTree = "<group>"; };
		BAA3CC122F55A17E0096A85B /* col_head_1stfloor_Roughnesscol_head_1stfloor_Metalness.tex */ = {isa = PBXFileReference; lastKnownFileType = file; path = col_head_1stfloor_Roughnesscol_head_1stfloor_Metalness.tex; sourceTree = "<group>"; };
		BAA3CC132F55A17E0096A85B /* col_head_2ndfloor_02_BaseColor.tex */ = {isa = PBXFileReference; lastKnownFileType = file; path = col_head_2ndfloor_02_BaseColor.tex; sourceTree = "<group>"; };
		BAA3CC142F55A17E0096A85B /* col_head_2ndfloor_02_Normal.tex */ = {isa = PBXFileReference; lastKnownFileType = file; path = col_head_2ndfloor_02_Normal.tex; sourceTree = "<group>"; };
		BAA3CC152F55A17E0096A85B /* col_head_2ndfloor_02_Roughnesscol_head_2ndfloor_02_Metalness.tex */ = {isa = PBXFileReference; lastKnownFileType = file; path = col_head_2ndfloor_02_Roughnesscol_head_2ndfloor_02_Metalness.tex; sourceTree = "<group>"; };
		BAA3CC162F55A17E0096A85B /* col_head_2ndfloor_03_BaseColor.tex */ = {isa = PBXFileReference; lastKnownFileType = file; path = col_head_2ndfloor_03_BaseColor.tex; sourceTree = "<group>"; };
		BAA3CC172F55A17E0096A85B /* col_head_2ndfloor_03_Normal.tex */ = {isa = PBXFileReference; lastKnownFileType = file; path = col_head_2ndfloor_03_Normal.tex; sourceTree = "<group>"; };
		BAA3CC182F55A17E0096A85B /* col_head_2ndfloor_03_Roughnesscol_head_2ndfloor_03_Metalness.tex */ = {isa = PBXFileReference; lastKnownFileType = file; path = col_head_2ndfloor_03_Roughnesscol_head_2ndfloor_03_Metalness.tex; sourceTree = "<group>"; };
		BAA3CC192F55A17E0096A85B /* curtain_fabric_blue_BaseColor.tex */ = {isa = PBXFileReference; lastKnownFileType = file; path = curtain_fabric_blue_BaseColor.tex; sourceTree = "<group>"; };
		BAA3CC1A2F55A17E0096A85B /* curtain_fabric_green_BaseColor.tex */ = {isa = PBXFileReference; lastKnownFileType = file; path = curtain_fabric_green_BaseColor.tex; sourceTree = "<group>"; };
		BAA3CC1B2F55A17E0096A85B /* curtain_fabric_Normal.tex */ = {isa = PBXFileReference; lastKnownFileType = file; path = curtain_fabric_Normal.tex; sourceTree = "<group>"; };
		BAA3CC1C2F55A17E0096A85B /* curtain_fabric_red_BaseColor.tex */ = {isa = PBXFileReference; lastKnownFileType = file; path = curtain_fabric_red_BaseColor.tex; sourceTree = "<group>"; };
		BAA3CC1D2F55A17E0096A85B /* curtain_fabric_Roughnesscurtain_fabric_Metalness.tex */ = {isa = PBXFileReference; lastKnownFileType = file; path = curtain_fabric_Roughnesscurtain_fabric_Metalness.tex; sourceTree = "<group>"; };
		BAA3CC1E2F55A17E0096A85B /* dirt_decal_01_dirt_decal_01_mask_gltf_alpha_dirt_decal_Opacity.tex */ = {isa = PBXFileReference; lastKnownFileType = file; path = dirt_decal_01_dirt_decal_01_mask_gltf_alpha_dirt_decal_Opacity.tex; sourceTree = "<group>"; };
		BAA3CC1F2F55A17E0096A85B /* door_stoneframe_01_BaseColor.tex */ = {isa = PBXFileReference; lastKnownFileType = file; path = door_stoneframe_01_BaseColor.tex; sourceTree = "<group>"; };
		BAA3CC202F55A17E0096A85B /* door_stoneframe_01_Normal.tex */ = {isa = PBXFileReference; lastKnownFileType = file; path = door_stoneframe_01_Normal.tex; sourceTree = "<group>"; };
		BAA3CC212F55A17E0096A85B /* door_stoneframe_01_Roughnessdoor_stoneframe_01_Metalness.tex */ = {isa = PBXFileReference; lastKnownFileType = file; path = door_stoneframe_01_Roughnessdoor_stoneframe_01_Metalness.tex; sourceTree = "<group>"; };
		BAA3CC222F55A17E0096A85B /* door_stoneframe_02_BaseColor.tex */ = {isa = PBXFileReference; lastKnownFileType = file; path = door_stoneframe_02_BaseColor.tex; sourceTree = "<group>"; };
		BAA3CC232F55A17E0096A85B /* door_stoneframe_02_Normal.tex */ = {isa = PBXFileReference; lastKnownFileType = file; path = door_stoneframe_02_Normal.tex; sourceTree = "<group>"; };
		BAA3CC242F55A17E0096A85B /* door_stoneframe_02_Roughnessdoor_stoneframe_02_Metalness.tex */ = {isa = PBXFileReference; lastKnownFileType = file; path = door_stoneframe_02_Roughnessdoor_stoneframe_02_Metalness.tex; sourceTree = "<group>"; };
		BAA3CC252F55A17E0096A85B /* floor_tiles_01_BaseColor.tex */ = {isa = PBXFileReference; lastKnownFileType = file; path = floor_tiles_01_BaseColor.tex; sourceTree = "<group>"; };
		BAA3CC262F55A17E0096A85B /* floor_tiles_01_Normal.tex */ = {isa = PBXFileReference; lastKnownFileType = file; path = floor_tiles_01_Normal.tex; sourceTree = "<group>"; };
		BAA3CC272F55A17E0096A85B /* floor_tiles_01_Roughnessfloor_tiles_01_Metalness.tex */ = {isa = PBXFileReference; lastKnownFileType = file; path = floor_tiles_01_Roughnessfloor_tiles_01_Metalness.tex; sourceTree = "<group>"; };
		BAA3CC282F55A17E0096A85B /* IntelSponza.bin */ = {isa = PBXFileReference; lastKnownFileType = archive.macbinary; path = IntelSponza.bin; sourceTree = "<group>"; };
		BAA3CC292F55A17E0096A85B /* lionhead_01_BaseColor.tex */ = {isa = PBXFileReference; lastKnownFileType = file; path = lionhead_01_BaseColor.tex; sourceTree = "<group>"; };
		BAA3CC2A2F55A17E0096A85B /* lionhead_01_Normal.tex */ = {isa = PBXFileReference; lastKnownFileType = file; path = lionhead_01_Normal.tex; sourceTree = "<group>"; };
		BAA3CC2B2F55A17E0096A85B /* lionhead_01_Roughnesslionhead_01_Metalness.tex */ = {isa = PBXFileReference; lastKnownFileType = file; path = lionhead_01_Roughnesslionhead_01_Metalness.tex; sourceTree = "<group>"; };
		BAA3CC2C2F55A17E0096A85B /* metal_door_01_BaseColor.tex */ = {isa = PBXFileReference; lastKnownFileType = file; path = metal_door_01_BaseColor.tex; sourceTree = "<group>"; };
		BAA3CC2D2F55A17E0096A85B /* metal_door_01_Normal.tex */ = {isa = PBXFileReference; lastKnownFileType = file; path = metal_door_01_Normal.tex; sourceTree = "<group>"; };
		BAA3CC2E2F55A17E0096A85B /* metal_door_01_Roughnessmetal_door_01_Metalness.tex */ = {isa = PBXFileReference; lastKnownFileType = file; path = metal_door_01_Roughnessmetal_door_01_Metalness.tex; sourceTree = "<group>"; };
		BAA3CC2F2F55A17E0096A85B /* ornament_01_BaseColor.tex */ = {isa = PBXFileReference; lastKnownFileType = file; path = ornament_01_BaseColor.tex; sourceTree = "<group>"; };
		BAA3CC302F55A17E0096A85B /* ornament_01_Normal.tex */ = {isa = PBXFileReference; lastKnownFileType = file; path = ornament_01_Normal.tex; sourceTree = "<group>"; };
		BAA3CC312F55A17E0096A85B /* ornament_01_Roughnessornament_01_Metalness.tex */ = {isa = PBXFileReference; lastKnownFileType = file; path = ornament_01_Roughnessornament_01_Metalness.tex; sourceTree = "<group>"; };
		BAA3CC322F55A17E0096A85B /* roof_tiles_01_BaseColor.tex */ = {isa = PBXFileReference; lastKnownFileType = file; path = roof_tiles_01_BaseColor.tex; sourceTree = "<group>"; };
		BAA3CC332F55A17E0096A85B /* roof_tiles_01_Normal.tex */ = {isa = PBXFileReference; lastKnownFileType = file; path = roof_tiles_01_Normal.tex; sourceTree = "<group>"; };
		BAA3CC342F55A17E0096A85B /* roof_tiles_01_Roughnessroof_tiles_01_Metalness.tex */ = {isa = PBXFileReference; lastKnownFileType = file; path = roof_tiles_01_Roughnessroof_tiles_01_Metalness.tex; sourceTree = "<group>"; };
		BAA3CC352F55A17E0096A85B /* stone_01_tile_BaseColor.tex */ = {isa = PBXFileReference; lastKnownFileType = file; path = stone_01_tile_BaseColor.tex; sourceTree = "<group>"; };
		BAA3CC362F55A17E0096A85B /* stone_01_tile_Normal.tex */ = {isa = PBXFileReference; lastKnownFileType = file; path = stone_01_tile_Normal.tex; sourceTree = "<group>"; };
		BAA3CC372F55A17E0096A85B /* stone_01_tile_Roughnessstone_01_tile_Metalness.tex */ = {isa = PBXFileReference; lastKnownFileType = file; path = stone_01_tile_Roughnessstone_01_tile_Metalness.tex; sourceTree = "<group>"; };
		BAA3CC382F55A17E0096A85B /* stone_trims_01_BaseColor.tex */ = {isa = PBXFileReference; lastKnownFileType = file; path = stone_trims_01_BaseColor.tex; sourceTree = "<group>"; };
		BAA3CC392F55A17E0096A85B /* stone_trims_01_Normal.tex */ = {isa = PBXFileReference; lastKnownFileType = file; path = stone_trims_01_Normal.tex; sourceTree = "<group>"; };
		BAA3CC3A2F55A17E0096A85B /* stone_trims_01_Roughnessstone_trims_01_Metalness.tex */ = {isa = PBXFileReference; lastKnownFileType = file; path = stone_trims_01_Roughnessstone_trims_01_Metalness.tex; sourceTree = "<group>"; };
		BAA3CC3B2F55A17E0096A85B /* stone_trims_02_BaseColor.tex */ = {isa = PBXFileReference; lastKnownFileType = file; path = stone_trims_02_BaseColor.tex; sourceTree = "<group>"; };
		BAA3CC3C2F55A17E0096A85B /* stone_trims_02_Normal.tex */ = {isa = PBXFileReference; lastKnownFileType = file; path = stone_trims_02_Normal.tex; sourceTree = "<group>"; };
		BAA3CC3D2F55A17E0096A85B /* stone_trims_02_Roughnessstone_trims_02_Metalness.tex */ = {isa = PBXFileReference; lastKnownFileType = file; path = stone_trims_02_Roughnessstone_trims_02_Metalness.tex; sourceTree = "<group>"; };
		BAA3CC3E2F55A17E0096A85B /* stones_2ndfloor_01_BaseColor.tex */ = {isa = PBXFileReference; lastKnownFileType = file; path = stones_2ndfloor_01_BaseColor.tex; sourceTree = "<group>"; };
		BAA3CC3F2F55A17E0096A85B /* stones_2ndfloor_01_Normal.tex */ = {isa = PBXFileReference; lastKnownFileType = file; path = stones_2ndfloor_01_Normal.tex; sourceTree = "<group>"; };
		BAA3CC402F55A17E0096A85B /* stones_2ndfloor_01_Roughnessstones_2ndfloor_01_Metalness.tex */ = {isa = PBXFileReference; lastKnownFileType = file; path = stones_2ndfloor_01_Roughnessstones_2ndfloor_01_Metalness.tex; sourceTree = "<group>"; };
		BAA3CC412F55A17E0096A85B /* window_frame_01_BaseColor.tex */ = {isa = PBXFileReference; lastKnownFileType = file; path = window_frame_01_BaseColor.tex; sourceTree = "<group>"; };
		BAA3CC422F55A17E0096A85B /* window_frame_01_Normal.tex */ = {isa = PBXFileReference; lastKnownFileType = file; path = window_frame_01_Normal.tex; sourceTree = "<group>"; };
		BAA3CC432F55A17E0096A85B /* window_frame_01_Roughnesswindow_frame_01_Metalness.tex */ = {isa = PBXFileReference; lastKnownFileType = file; path = window_frame_01_Roughnesswindow_frame_01_Metalness.tex; sourceTree = "<group>"; };
		BAA3CC442F55A17E0096A85B /* wood_door_01_BaseColor.tex */ = {isa = PBXFileReference; lastKnownFileType = file; path = wood_door_01_BaseColor.tex; sourceTree = "<group>"; };
		BAA3CC452F55A17E0096A85B /* wood_door_01_Normal.tex */ = {isa = PBXFileReference; lastKnownFileType = file; path = wood_door_01_Normal.tex; sourceTree = "<group>"; };
		BAA3CC462F55A17E0096A85B /* wood_door_01_Roughnesswood_door_01_Metalness.tex */ = {isa = PBXFileReference; lastKnownFileType = file; path = wood_door_01_Roughnesswood_door_01_Metalness.tex; sourceTree = "<group>"; };
		BAA3CC472F55A17E0096A85B /* wood_tile_01_BaseColor.tex */ = {isa = PBXFileReference; lastKnownFileType = file; path = wood_tile_01_BaseColor.tex; sourceTree = "<group>"; };
		BAA3CC482F55A17E0096A85B /* wood_tile_01_Normal.tex */ = {isa = PBXFileReference; lastKnownFileType = file; path = wood_tile_01_Normal.tex; sourceTree = "<group>"; };
		BAA3CC492F55A17E0096A85B /* wood_tile_01_Roughnesswood_tile_01_Metalness.tex */ = {isa = PBXFileReference; lastKnownFileType = file; path = wood_tile_01_Roughnesswood_tile_01_Metalness.tex; sourceTree = "<group>"; };
/* End PBXFileReference section */

/* Begin PBXFileSystemSynchronizedRootGroup section */
		BA02D95B2F557A58009EBF35 /* AssetBaker */ = {
			isa = PBXFileSystemSynchronizedRootGroup;
			path = AssetBaker;
			sourceTree = "<group>";
		};
		BA87BC222F4B95BD00AC823E /* NeuralGraphics */ = {
			isa = PBXFileSystemSynchronizedRootGroup;
			path = NeuralGraphics;
			sourceTree = "<group>";
		};
/* End PBXFileSystemSynchronizedRootGroup section */

/* Begin PBXFrameworksBuildPhase section */
		BA02D9572F557A58009EBF35 /* Frameworks */ = {
			isa = PBXFrameworksBuildPhase;
			buildActionMask = 2147483647;
			files = (
				BA02D9952F557EB1009EBF35 /* libate.tbd in Frameworks */,
			);
			runOnlyForDeploymentPostprocessing = 0;
		};
		BA87BC1D2F4B95BD00AC823E /* Frameworks */ = {
			isa = PBXFrameworksBuildPhase;
			buildActionMask = 2147483647;
			files = (
			);
			runOnlyForDeploymentPostprocessing = 0;
		};
/* End PBXFrameworksBuildPhase section */

/* Begin PBXGroup section */
		BA02D9932F557EB0009EBF35 /* Frameworks */ = {
			isa = PBXGroup;
			children = (
				BA02D9942F557EB0009EBF35 /* libate.tbd */,
			);
			name = Frameworks;
			sourceTree = "<group>";
		};
		BA02D9F12F558F09009EBF35 /* Sponza */ = {
			isa = PBXGroup;
			children = (
				BA02D9AB2F558F09009EBF35 /* 332936164838540657.tex */,
				BA02D9AC2F558F09009EBF35 /* 466164707995436622.tex */,
				BA02D9AD2F558F09009EBF35 /* 715093869573992647.tex */,
				BA02D9AE2F558F09009EBF35 /* 755318871556304029.tex */,
				BA02D9AF2F558F09009EBF35 /* 759203620573749278.tex */,
				BA02D9B02F558F09009EBF35 /* 1219024358953944284.tex */,
				BA02D9B12F558F09009EBF35 /* 2051777328469649772.tex */,
				BA02D9B22F558F09009EBF35 /* 2185409758123873465.tex */,
				BA02D9B32F558F09009EBF35 /* 2299742237651021498.tex */,
				BA02D9B42F558F09009EBF35 /* 2374361008830720677.tex */,
				BA02D9B52F558F09009EBF35 /* 2411100444841994089.tex */,
				BA02D9B62F558F09009EBF35 /* 2775690330959970771.tex */,
				BA02D9B72F558F09009EBF35 /* 2969916736137545357.tex */,
				BA02D9B82F558F09009EBF35 /* 3371964815757888145.tex */,
				BA02D9B92F558F09009EBF35 /* 3455394979645218238.tex */,
				BA02D9BA2F558F09009EBF35 /* 3628158980083700836.tex */,
				BA02D9BB2F558F09009EBF35 /* 3827035219084910048.tex */,
				BA02D9BC2F558F09009EBF35 /* 4477655471536070370.tex */,
				BA02D9BD2F558F09009EBF35 /* 4601176305987539675.tex */,
				BA02D9BE2F558F09009EBF35 /* 4675343432951571524.tex */,
				BA02D9BF2F558F09009EBF35 /* 4871783166746854860.tex */,
				BA02D9C02F558F09009EBF35 /* 4910669866631290573.tex */,
				BA02D9C12F558F09009EBF35 /* 4975155472559461469.tex */,
				BA02D9C22F558F09009EBF35 /* 5061699253647017043.tex */,
				BA02D9C32F558F09009EBF35 /* 5792855332885324923.tex */,
				BA02D9C42F558F09009EBF35 /* 5823059166183034438.tex */,
				BA02D9C52F558F09009EBF35 /* 6047387724914829168.tex */,
				BA02D9C62F558F09009EBF35 /* 6151467286084645207.tex */,
				BA02D9C72F558F09009EBF35 /* 6593109234861095314.tex */,
				BA02D9C82F558F09009EBF35 /* 6667038893015345571.tex */,
				BA02D9C92F558F09009EBF35 /* 6772804448157695701.tex */,
				BA02D9CA2F558F09009EBF35 /* 7056944414013900257.tex */,
				BA02D9CB2F558F09009EBF35 /* 7268504077753552595.tex */,
				BA02D9CC2F558F09009EBF35 /* 7441062115984513793.tex */,
				BA02D9CD2F558F09009EBF35 /* 7645212358685992005.tex */,
				BA02D9CE2F558F09009EBF35 /* 7815564343179553343.tex */,
				BA02D9CF2F558F09009EBF35 /* 8006627369776289000.tex */,
				BA02D9D02F558F09009EBF35 /* 8051790464816141987.tex */,
				BA02D9D12F558F09009EBF35 /* 8114461559286000061.tex */,
				BA02D9D22F558F09009EBF35 /* 8481240838833932244.tex */,
				BA02D9D32F558F09009EBF35 /* 8503262930880235456.tex */,
				BA02D9D42F558F09009EBF35 /* 8747919177698443163.tex */,
				BA02D9D52F558F09009EBF35 /* 8750083169368950601.tex */,
				BA02D9D62F558F09009EBF35 /* 8773302468495022225.tex */,
				BA02D9D72F558F09009EBF35 /* 8783994986360286082.tex */,
				BA02D9D82F558F09009EBF35 /* 9288698199695299068.tex */,
				BA02D9D92F558F09009EBF35 /* 9916269861720640319.tex */,
				BA02D9DA2F558F09009EBF35 /* 10381718147657362067.tex */,
				BA02D9DB2F558F09009EBF35 /* 10388182081421875623.tex */,
				BA02D9DC2F558F09009EBF35 /* 11474523244911310074.tex */,
				BA02D9DD2F558F09009EBF35 /* 11490520546946913238.tex */,
				BA02D9DE2F558F09009EBF35 /* 11872827283454512094.tex */,
				BA02D9DF2F558F09009EBF35 /* 11968150294050148237.tex */,
				BA02D9E02F558F09009EBF35 /* 12501374198249454378.tex */,
				BA02D9E12F558F09009EBF35 /* 13196865903111448057.tex */,
				BA02D9E22F558F09009EBF35 /* 13824894030729245199.tex */,
				BA02D9E32F558F09009EBF35 /* 13982482287905699490.tex */,
				BA02D9E42F558F09009EBF35 /* 14118779221266351425.tex */,
				BA02D9E52F558F09009EBF35 /* 14170708867020035030.tex */,
				BA02D9E62F558F09009EBF35 /* 14267839433702832875.tex */,
				BA02D9E72F558F09009EBF35 /* 14650633544276105767.tex */,
				BA02D9E82F558F09009EBF35 /* 15295713303328085182.tex */,
				BA02D9E92F558F09009EBF35 /* 15722799267630235092.tex */,
				BA02D9EA2F558F09009EBF35 /* 16275776544635328252.tex */,
				BA02D9EB2F558F09009EBF35 /* 16299174074766089871.tex */,
				BA02D9EC2F558F09009EBF35 /* 16885566240357350108.tex */,
				BA02D9ED2F558F09009EBF35 /* 17556969131407844942.tex */,
				BA02D9EE2F558F09009EBF35 /* 17876391417123941155.tex */,
				BA02D9EF2F558F09009EBF35 /* Sponza.bin */,
				BA02D9F02F558F09009EBF35 /* white.tex */,
			);
			path = Sponza;
			sourceTree = "<group>";
		};
		BA02D9F22F558F09009EBF35 /* BakedAssets */ = {
			isa = PBXGroup;
			children = (
				BAA3CC4A2F55A17E0096A85B /* IntelSponza */,
				BA02DA3C2F559466009EBF35 /* Cube */,
				BA02D9F12F558F09009EBF35 /* Sponza */,
			);
			path = BakedAssets;
			sourceTree = "<group>";
		};
		BA02DA3C2F559466009EBF35 /* Cube */ = {
			isa = PBXGroup;
			children = (
				BA02DA392F559466009EBF35 /* Cube.bin */,
				BA02DA3A2F559466009EBF35 /* Cube_BaseColor.tex */,
				BA02DA3B2F559466009EBF35 /* Cube_MetallicRoughness.tex */,
			);
			path = Cube;
			sourceTree = "<group>";
		};
		BA87BC172F4B95BD00AC823E = {
			isa = PBXGroup;
			children = (
				BA91F3672F4F2ED800BF334B /* Assets */,
				BA87BC222F4B95BD00AC823E /* NeuralGraphics */,
				BA02D95B2F557A58009EBF35 /* AssetBaker */,
				BA02D9932F557EB0009EBF35 /* Frameworks */,
				BA87BC212F4B95BD00AC823E /* Products */,
			);
			sourceTree = "<group>";
		};
		BA87BC212F4B95BD00AC823E /* Products */ = {
			isa = PBXGroup;
			children = (
				BA87BC202F4B95BD00AC823E /* Neural Graphics.app */,
				BA02D95A2F557A58009EBF35 /* AssetBaker */,
			);
			name = Products;
			sourceTree = "<group>";
		};
		BA91F3672F4F2ED800BF334B /* Assets */ = {
			isa = PBXGroup;
			children = (
				BA02D9F22F558F09009EBF35 /* BakedAssets */,
				BA91F3842F4F4BC900BF334B /* Models */,
				BA91F3652F4F2ED800BF334B /* InferredTestTexture.png */,
				BA91F3662F4F2ED800BF334B /* TestTexture.png */,
			);
			path = Assets;
			sourceTree = "<group>";
		};
		BA91F3842F4F4BC900BF334B /* Models */ = {
			isa = PBXGroup;
			children = (
				BA91F3812F4F4BC900BF334B /* 2_input_neural_brdf.mlpackage */,
				BA91F3822F4F4BC900BF334B /* 2_input_neural_brdf.mtlpackage */,
				BA91F3832F4F4BC900BF334B /* 2_input_neural_brdf.pth */,
			);
			path = Models;
			sourceTree = "<group>";
		};
		BAA3CC4A2F55A17E0096A85B /* IntelSponza */ = {
			isa = PBXGroup;
			children = (
				BAA3CBFC2F55A17E0096A85B /* arch_stone_wall_01_BaseColor.tex */,
				BAA3CBFD2F55A17E0096A85B /* arch_stone_wall_01_Normal.tex */,
				BAA3CBFE2F55A17E0096A85B /* arch_stone_wall_01_Roughnessarch_stone_wall_01_Metalness.tex */,
				BAA3CBFF2F55A17E0096A85B /* brickwall_01_BaseColor.tex */,
				BAA3CC002F55A17E0096A85B /* brickwall_01_Normal.tex */,
				BAA3CC012F55A17E0096A85B /* brickwall_01_Roughnessbrickwall_01_Metalness.tex */,
				BAA3CC022F55A17E0096A85B /* brickwall_02_BaseColor.tex */,
				BAA3CC032F55A17E0096A85B /* brickwall_02_Normal.tex */,
				BAA3CC042F55A17E0096A85B /* brickwall_02_Roughnessbrickwall_02_Metalness.tex */,
				BAA3CC052F55A17E0096A85B /* ceiling_plaster_01_BaseColor.tex */,
				BAA3CC062F55A17E0096A85B /* ceiling_plaster_01_Normal.tex */,
				BAA3CC072F55A17E0096A85B /* ceiling_plaster_01_Roughnessceiling_plaster_01_Metalness.tex */,
				BAA3CC082F55A17E0096A85B /* ceiling_plaster_02_BaseColor.tex */,
				BAA3CC092F55A17E0096A85B /* ceiling_plaster_02_Roughnessceiling_plaster_01_Metalness.tex */,
				BAA3CC0A2F55A17E0096A85B /* col_1stfloor_BaseColor.tex */,
				BAA3CC0B2F55A17E0096A85B /* col_1stfloor_Normal.tex */,
				BAA3CC0C2F55A17E0096A85B /* col_1stfloor_Roughnesscol_1stfloor_Metalness.tex */,
				BAA3CC0D2F55A17E0096A85B /* col_brickwall_01_BaseColor.tex */,
				BAA3CC0E2F55A17E0096A85B /* col_brickwall_01_Normal.tex */,
				BAA3CC0F2F55A17E0096A85B /* col_brickwall_01_Roughnesscol_brickwall_01_Metalness.tex */,
				BAA3CC102F55A17E0096A85B /* col_head_1stfloor_BaseColor.tex */,
				BAA3CC112F55A17E0096A85B /* col_head_1stfloor_Normal.tex */,
				BAA3CC122F55A17E0096A85B /* col_head_1stfloor_Roughnesscol_head_1stfloor_Metalness.tex */,
				BAA3CC132F55A17E0096A85B /* col_head_2ndfloor_02_BaseColor.tex */,
				BAA3CC142F55A17E0096A85B /* col_head_2ndfloor_02_Normal.tex */,
				BAA3CC152F55A17E0096A85B /* col_head_2ndfloor_02_Roughnesscol_head_2ndfloor_02_Metalness.tex */,
				BAA3CC162F55A17E0096A85B /* col_head_2ndfloor_03_BaseColor.tex */,
				BAA3CC172F55A17E0096A85B /* col_head_2ndfloor_03_Normal.tex */,
				BAA3CC182F55A17E0096A85B /* col_head_2ndfloor_03_Roughnesscol_head_2ndfloor_03_Metalness.tex */,
				BAA3CC192F55A17E0096A85B /* curtain_fabric_blue_BaseColor.tex */,
				BAA3CC1A2F55A17E0096A85B /* curtain_fabric_green_BaseColor.tex */,
				BAA3CC1B2F55A17E0096A85B /* curtain_fabric_Normal.tex */,
				BAA3CC1C2F55A17E0096A85B /* curtain_fabric_red_BaseColor.tex */,
				BAA3CC1D2F55A17E0096A85B /* curtain_fabric_Roughnesscurtain_fabric_Metalness.tex */,
				BAA3CC1E2F55A17E0096A85B /* dirt_decal_01_dirt_decal_01_mask_gltf_alpha_dirt_decal_Opacity.tex */,
				BAA3CC1F2F55A17E0096A85B /* door_stoneframe_01_BaseColor.tex */,
				BAA3CC202F55A17E0096A85B /* door_stoneframe_01_Normal.tex */,
				BAA3CC212F55A17E0096A85B /* door_stoneframe_01_Roughnessdoor_stoneframe_01_Metalness.tex */,
				BAA3CC222F55A17E0096A85B /* door_stoneframe_02_BaseColor.tex */,
				BAA3CC232F55A17E0096A85B /* door_stoneframe_02_Normal.tex */,
				BAA3CC242F55A17E0096A85B /* door_stoneframe_02_Roughnessdoor_stoneframe_02_Metalness.tex */,
				BAA3CC252F55A17E0096A85B /* floor_tiles_01_BaseColor.tex */,
				BAA3CC262F55A17E0096A85B /* floor_tiles_01_Normal.tex */,
				BAA3CC272F55A17E0096A85B /* floor_tiles_01_Roughnessfloor_tiles_01_Metalness.tex */,
				BAA3CC282F55A17E0096A85B /* IntelSponza.bin */,
				BAA3CC292F55A17E0096A85B /* lionhead_01_BaseColor.tex */,
				BAA3CC2A2F55A17E0096A85B /* lionhead_01_Normal.tex */,
				BAA3CC2B2F55A17E0096A85B /* lionhead_01_Roughnesslionhead_01_Metalness.tex */,
				BAA3CC2C2F55A17E0096A85B /* metal_door_01_BaseColor.tex */,
				BAA3CC2D2F55A17E0096A85B /* metal_door_01_Normal.tex */,
				BAA3CC2E2F55A17E0096A85B /* metal_door_01_Roughnessmetal_door_01_Metalness.tex */,
				BAA3CC2F2F55A17E0096A85B /* ornament_01_BaseColor.tex */,
				BAA3CC302F55A17E0096A85B /* ornament_01_Normal.tex */,
				BAA3CC312F55A17E0096A85B /* ornament_01_Roughnessornament_01_Metalness.tex */,
				BAA3CC322F55A17E0096A85B /* roof_tiles_01_BaseColor.tex */,
				BAA3CC332F55A17E0096A85B /* roof_tiles_01_Normal.tex */,
				BAA3CC342F55A17E0096A85B /* roof_tiles_01_Roughnessroof_tiles_01_Metalness.tex */,
				BAA3CC352F55A17E0096A85B /* stone_01_tile_BaseColor.tex */,
				BAA3CC362F55A17E0096A85B /* stone_01_tile_Normal.tex */,
				BAA3CC372F55A17E0096A85B /* stone_01_tile_Roughnessstone_01_tile_Metalness.tex */,
				BAA3CC382F55A17E0096A85B /* stone_trims_01_BaseColor.tex */,
				BAA3CC392F55A17E0096A85B /* stone_trims_01_Normal.tex */,
				BAA3CC3A2F55A17E0096A85B /* stone_trims_01_Roughnessstone_trims_01_Metalness.tex */,
				BAA3CC3B2F55A17E0096A85B /* stone_trims_02_BaseColor.tex */,
				BAA3CC3C2F55A17E0096A85B /* stone_trims_02_Normal.tex */,
				BAA3CC3D2F55A17E0096A85B /* stone_trims_02_Roughnessstone_trims_02_Metalness.tex */,
				BAA3CC3E2F55A17E0096A85B /* stones_2ndfloor_01_BaseColor.tex */,
				BAA3CC3F2F55A17E0096A85B /* stones_2ndfloor_01_Normal.tex */,
				BAA3CC402F55A17E0096A85B /* stones_2ndfloor_01_Roughnessstones_2ndfloor_01_Metalness.tex */,
				BAA3CC412F55A17E0096A85B /* window_frame_01_BaseColor.tex */,
				BAA3CC422F55A17E0096A85B /* window_frame_01_Normal.tex */,
				BAA3CC432F55A17E0096A85B /* window_frame_01_Roughnesswindow_frame_01_Metalness.tex */,
				BAA3CC442F55A17E0096A85B /* wood_door_01_BaseColor.tex */,
				BAA3CC452F55A17E0096A85B /* wood_door_01_Normal.tex */,
				BAA3CC462F55A17E0096A85B /* wood_door_01_Roughnesswood_door_01_Metalness.tex */,
				BAA3CC472F55A17E0096A85B /* wood_tile_01_BaseColor.tex */,
				BAA3CC482F55A17E0096A85B /* wood_tile_01_Normal.tex */,
				BAA3CC492F55A17E0096A85B /* wood_tile_01_Roughnesswood_tile_01_Metalness.tex */,
			);
			path = IntelSponza;
			sourceTree = "<group>";
		};
/* End PBXGroup section */

/* Begin PBXNativeTarget section */
		BA02D9592F557A58009EBF35 /* AssetBaker */ = {
			isa = PBXNativeTarget;
			buildConfigurationList = BA02D95E2F557A58009EBF35 /* Build configuration list for PBXNativeTarget "AssetBaker" */;
			buildPhases = (
				BA02D9562F557A58009EBF35 /* Sources */,
				BA02D9572F557A58009EBF35 /* Frameworks */,
				BA02D9582F557A58009EBF35 /* CopyFiles */,
			);
			buildRules = (
			);
			dependencies = (
			);
			fileSystemSynchronizedGroups = (
				BA02D95B2F557A58009EBF35 /* AssetBaker */,
			);
			name = AssetBaker;
			packageProductDependencies = (
			);
			productName = AssetBaker;
			productReference = BA02D95A2F557A58009EBF35 /* AssetBaker */;
			productType = "com.apple.product-type.tool";
		};
		BA87BC1F2F4B95BD00AC823E /* Neural Graphics */ = {
			isa = PBXNativeTarget;
			buildConfigurationList = BA87BC2B2F4B95BE00AC823E /* Build configuration list for PBXNativeTarget "Neural Graphics" */;
			buildPhases = (
				BA87BC1C2F4B95BD00AC823E /* Sources */,
				BA87BC1D2F4B95BD00AC823E /* Frameworks */,
				BA87BC1E2F4B95BD00AC823E /* Resources */,
			);
			buildRules = (
			);
			dependencies = (
			);
			fileSystemSynchronizedGroups = (
				BA87BC222F4B95BD00AC823E /* NeuralGraphics */,
			);
			name = "Neural Graphics";
			packageProductDependencies = (
			);
			productName = NeuralGraphics;
			productReference = BA87BC202F4B95BD00AC823E /* Neural Graphics.app */;
			productType = "com.apple.product-type.application";
		};
/* End PBXNativeTarget section */

/* Begin PBXProject section */
		BA87BC182F4B95BD00AC823E /* Project object */ = {
			isa = PBXProject;
			attributes = {
				BuildIndependentTargetsInParallel = 1;
				LastSwiftUpdateCheck = 2620;
				LastUpgradeCheck = 2630;
				TargetAttributes = {
					BA02D9592F557A58009EBF35 = {
						CreatedOnToolsVersion = 26.3;
					};
					BA87BC1F2F4B95BD00AC823E = {
						CreatedOnToolsVersion = 26.2;
						LastSwiftMigration = 2630;
					};
				};
			};
			buildConfigurationList = BA87BC1B2F4B95BD00AC823E /* Build configuration list for PBXProject "NeuralGraphics" */;
			developmentRegion = en;
			hasScannedForEncodings = 0;
			knownRegions = (
				en,
				Base,
			);
			mainGroup = BA87BC172F4B95BD00AC823E;
			minimizedProjectReferenceProxies = 1;
			packageReferences = (
			);
			preferredProjectObjectVersion = 77;
			productRefGroup = BA87BC212F4B95BD00AC823E /* Products */;
			projectDirPath = "";
			projectRoot = "";
			targets = (
				BA87BC1F2F4B95BD00AC823E /* Neural Graphics */,
				BA02D9592F557A58009EBF35 /* AssetBaker */,
			);
		};
/* End PBXProject section */

/* Begin PBXResourcesBuildPhase section */
		BA87BC1E2F4B95BD00AC823E /* Resources */ = {
			isa = PBXResourcesBuildPhase;
			buildActionMask = 2147483647;
			files = (
				BA91F3682F4F2ED800BF334B /* TestTexture.png in Resources */,
				BA91F36A2F4F2ED800BF334B /* InferredTestTexture.png in Resources */,
				BA91F3862F4F4BC900BF334B /* 2_input_neural_brdf.pth in Resources */,
				BA91F3872F4F4BC900BF334B /* 2_input_neural_brdf.mtlpackage in Resources */,
				BA02D9F32F558F09009EBF35 /* 8006627369776289000.tex in Resources */,
				BA02D9F42F558F09009EBF35 /* 3628158980083700836.tex in Resources */,
				BA02D9F52F558F09009EBF35 /* 7815564343179553343.tex in Resources */,
				BA02D9F62F558F09009EBF35 /* white.tex in Resources */,
				BA02D9F72F558F09009EBF35 /* 4871783166746854860.tex in Resources */,
				BA02D9F82F558F09009EBF35 /* 8051790464816141987.tex in Resources */,
				BA02D9F92F558F09009EBF35 /* 14650633544276105767.tex in Resources */,
				BA02D9FA2F558F09009EBF35 /* 11474523244911310074.tex in Resources */,
				BA02D9FB2F558F09009EBF35 /* 5061699253647017043.tex in Resources */,
				BA02D9FC2F558F09009EBF35 /* 332936164838540657.tex in Resources */,
				BA02D9FD2F558F09009EBF35 /* Sponza.bin in Resources */,
				BA02D9FE2F558F09009EBF35 /* 14267839433702832875.tex in Resources */,
				BA02D9FF2F558F09009EBF35 /* 9916269861720640319.tex in Resources */,
				BA02DA002F558F09009EBF35 /* 4601176305987539675.tex in Resources */,
				BA02DA012F558F09009EBF35 /* 4910669866631290573.tex in Resources */,
				BA02DA022F558F09009EBF35 /* 2969916736137545357.tex in Resources */,
				BA02DA032F558F09009EBF35 /* 5792855332885324923.tex in Resources */,
				BA02DA042F558F09009EBF35 /* 2299742237651021498.tex in Resources */,
				BA02DA052F558F09009EBF35 /* 14170708867020035030.tex in Resources */,
				BA02DA3D2F559466009EBF35 /* Cube.bin in Resources */,
				BA02DA3E2F559466009EBF35 /* Cube_MetallicRoughness.tex in Resources */,
				BA02DA3F2F559466009EBF35 /* Cube_BaseColor.tex in Resources */,
				BA02DA062F558F09009EBF35 /* 7645212358685992005.tex in Resources */,
				BA02DA072F558F09009EBF35 /* 4675343432951571524.tex in Resources */,
				BA02DA082F558F09009EBF35 /* 1219024358953944284.tex in Resources */,
				BA02DA092F558F09009EBF35 /* 11968150294050148237.tex in Resources */,
				BA02DA0A2F558F09009EBF35 /* 2051777328469649772.tex in Resources */,
				BA02DA0B2F558F09009EBF35 /* 13196865903111448057.tex in Resources */,
				BA02DA0C2F558F09009EBF35 /* 3371964815757888145.tex in Resources */,
				BA02DA0D2F558F09009EBF35 /* 759203620573749278.tex in Resources */,
				BA02DA0E2F558F09009EBF35 /* 10381718147657362067.tex in Resources */,
				BA02DA0F2F558F09009EBF35 /* 4975155472559461469.tex in Resources */,
				BA02DA102F558F09009EBF35 /* 15722799267630235092.tex in Resources */,
				BA02DA112F558F09009EBF35 /* 9288698199695299068.tex in Resources */,
				BA02DA122F558F09009EBF35 /* 6047387724914829168.tex in Resources */,
				BA02DA132F558F09009EBF35 /* 10388182081421875623.tex in Resources */,
				BA02DA142F558F09009EBF35 /* 7441062115984513793.tex in Resources */,
				BA02DA152F558F09009EBF35 /* 16885566240357350108.tex in Resources */,
				BA02DA162F558F09009EBF35 /* 8481240838833932244.tex in Resources */,
				BA02DA172F558F09009EBF35 /* 8114461559286000061.tex in Resources */,
				BA02DA182F558F09009EBF35 /* 8773302468495022225.tex in Resources */,
				BA02DA192F558F09009EBF35 /* 2374361008830720677.tex in Resources */,
				BA02DA1A2F558F09009EBF35 /* 8750083169368950601.tex in Resources */,
				BA02DA1B2F558F09009EBF35 /* 6151467286084645207.tex in Resources */,
				BA02DA1C2F558F09009EBF35 /* 6772804448157695701.tex in Resources */,
				BA02DA1D2F558F09009EBF35 /* 17556969131407844942.tex in Resources */,
				BA02DA1E2F558F09009EBF35 /* 8747919177698443163.tex in Resources */,
				BA02DA1F2F558F09009EBF35 /* 12501374198249454378.tex in Resources */,
				BA02DA202F558F09009EBF35 /* 6593109234861095314.tex in Resources */,
				BA02DA212F558F09009EBF35 /* 2411100444841994089.tex in Resources */,
				BA02DA222F558F09009EBF35 /* 13824894030729245199.tex in Resources */,
				BA02DA232F558F09009EBF35 /* 755318871556304029.tex in Resources */,
				BA02DA242F558F09009EBF35 /* 16275776544635328252.tex in Resources */,
				BA02DA252F558F09009EBF35 /* 8783994986360286082.tex in Resources */,
				BA02DA262F558F09009EBF35 /* 715093869573992647.tex in Resources */,
				BA02DA272F558F09009EBF35 /* 7056944414013900257.tex in Resources */,
				BA02DA282F558F09009EBF35 /* 7268504077753552595.tex in Resources */,
				BA02DA292F558F09009EBF35 /* 11490520546946913238.tex in Resources */,
				BA02DA2A2F558F09009EBF35 /* 2775690330959970771.tex in Resources */,
				BA02DA2B2F558F09009EBF35 /* 15295713303328085182.tex in Resources */,
				BA02DA2C2F558F09009EBF35 /* 6667038893015345571.tex in Resources */,
				BA02DA2D2F558F09009EBF35 /* 5823059166183034438.tex in Resources */,
				BA02DA2E2F558F09009EBF35 /* 13982482287905699490.tex in Resources */,
				BA02DA2F2F558F09009EBF35 /* 4477655471536070370.tex in Resources */,
				BA02DA302F558F09009EBF35 /* 8503262930880235456.tex in Resources */,
				BA02DA312F558F09009EBF35 /* 2185409758123873465.tex in Resources */,
				BA02DA322F558F09009EBF35 /* 3455394979645218238.tex in Resources */,
				BA02DA332F558F09009EBF35 /* 466164707995436622.tex in Resources */,
				BA02DA342F558F09009EBF35 /* 11872827283454512094.tex in Resources */,
				BAA3CC4B2F55A17F0096A85B /* door_stoneframe_02_Roughnessdoor_stoneframe_02_Metalness.tex in Resources */,
				BAA3CC4C2F55A17F0096A85B /* IntelSponza.bin in Resources */,
				BAA3CC4D2F55A17F0096A85B /* lionhead_01_BaseColor.tex in Resources */,
				BAA3CC4E2F55A17F0096A85B /* stone_trims_02_Roughnessstone_trims_02_Metalness.tex in Resources */,
				BAA3CC4F2F55A17F0096A85B /* col_1stfloor_BaseColor.tex in Resources */,
				BAA3CC502F55A17F0096A85B /* floor_tiles_01_Roughnessfloor_tiles_01_Metalness.tex in Resources */,
				BAA3CC512F55A17F0096A85B /* window_frame_01_Normal.tex in Resources */,
				BAA3CC522F55A17F0096A85B /* curtain_fabric_red_BaseColor.tex in Resources */,
				BAA3CC532F55A17F0096A85B /* brickwall_02_Roughnessbrickwall_02_Metalness.tex in Resources */,
				BAA3CC542F55A17F0096A85B /* metal_door_01_BaseColor.tex in Resources */,
				BAA3CC552F55A17F0096A85B /* ceiling_plaster_02_Roughnessceiling_plaster_01_Metalness.tex in Resources */,
				BAA3CC562F55A17F0096A85B /* ceiling_plaster_02_BaseColor.tex in Resources */,
				BAA3CC572F55A17F0096A85B /* door_stoneframe_02_Normal.tex in Resources */,
				BAA3CC582F55A17F0096A85B /* ornament_01_BaseColor.tex in Resources */,
				BAA3CC592F55A17F0096A85B /* ceiling_plaster_01_BaseColor.tex in Resources */,
				BAA3CC5A2F55A17F0096A85B /* stone_trims_02_Normal.tex in Resources */,
				BAA3CC5B2F55A17F0096A85B /* ceiling_plaster_01_Normal.tex in Resources */,
				BAA3CC5C2F55A17F0096A85B /* ceiling_plaster_01_Roughnessceiling_plaster_01_Metalness.tex in Resources */,
				BAA3CC5D2F55A17F0096A85B /* col_brickwall_01_BaseColor.tex in Resources */,
				BAA3CC5E2F55A17F0096A85B /* col_head_1stfloor_Roughnesscol_head_1stfloor_Metalness.tex in Resources */,
				BAA3CC5F2F55A17F0096A85B /* curtain_fabric_green_BaseColor.tex in Resources */,
				BAA3CC602F55A17F0096A85B /* stone_trims_02_BaseColor.tex in Resources */,
				BAA3CC612F55A17F0096A85B /* door_stoneframe_01_BaseColor.tex in Resources */,
				BAA3CC622F55A17F0096A85B /* brickwall_01_Normal.tex in Resources */,
				BAA3CC632F55A17F0096A85B /* wood_tile_01_Roughnesswood_tile_01_Metalness.tex in Resources */,
				BAA3CC642F55A17F0096A85B /* brickwall_02_Normal.tex in Resources */,
				BAA3CC652F55A17F0096A85B /* wood_tile_01_BaseColor.tex in Resources */,
				BAA3CC662F55A17F0096A85B /* col_head_2ndfloor_02_BaseColor.tex in Resources */,
				BAA3CC672F55A17F0096A85B /* col_brickwall_01_Normal.tex in Resources */,
				BAA3CC682F55A17F0096A85B /* stone_01_tile_Roughnessstone_01_tile_Metalness.tex in Resources */,
				BAA3CC692F55A17F0096A85B /* metal_door_01_Normal.tex in Resources */,
				BAA3CC6A2F55A17F0096A85B /* brickwall_01_Roughnessbrickwall_01_Metalness.tex in Resources */,
				BAA3CC6B2F55A17F0096A85B /* stones_2ndfloor_01_Normal.tex in Resources */,
				BAA3CC6C2F55A17F0096A85B /* arch_stone_wall_01_BaseColor.tex in Resources */,
				BAA3CC6D2F55A17F0096A85B /* ornament_01_Normal.tex in Resources */,
				BAA3CC6E2F55A17F0096A85B /* floor_tiles_01_BaseColor.tex in Resources */,
				BAA3CC6F2F55A17F0096A85B /* brickwall_01_BaseColor.tex in Resources */,
				BAA3CC702F55A17F0096A85B /* stone_01_tile_Normal.tex in Resources */,
				BAA3CC712F55A17F0096A85B /* col_head_2ndfloor_02_Normal.tex in Resources */,
				BAA3CC722F55A17F0096A85B /* brickwall_02_BaseColor.tex in Resources */,
				BAA3CC732F55A17F0096A85B /* col_head_2ndfloor_02_Roughnesscol_head_2ndfloor_02_Metalness.tex in Resources */,
				BAA3CC742F55A17F0096A85B /* wood_tile_01_Normal.tex in Resources */,
				BAA3CC752F55A17F0096A85B /* stone_trims_01_Roughnessstone_trims_01_Metalness.tex in Resources */,
				BAA3CC762F55A17F0096A85B /* col_head_2ndfloor_03_Normal.tex in Resources */,
				BAA3CC772F55A17F0096A85B /* roof_tiles_01_Roughnessroof_tiles_01_Metalness.tex in Resources */,
				BAA3CC782F55A17F0096A85B /* wood_door_01_BaseColor.tex in Resources */,
				BAA3CC792F55A17F0096A85B /* dirt_decal_01_dirt_decal_01_mask_gltf_alpha_dirt_decal_Opacity.tex in Resources */,
				BAA3CC7A2F55A17F0096A85B /* door_stoneframe_02_BaseColor.tex in Resources */,
				BAA3CC7B2F55A17F0096A85B /* window_frame_01_BaseColor.tex in Resources */,
				BAA3CC7C2F55A17F0096A85B /* col_head_2ndfloor_03_BaseColor.tex in Resources */,
				BAA3CC7D2F55A17F0096A85B /* curtain_fabric_blue_BaseColor.tex in Resources */,
				BAA3CC7E2F55A17F0096A85B /* stones_2ndfloor_01_BaseColor.tex in Resources */,
				BAA3CC7F2F55A17F0096A85B /* arch_stone_wall_01_Normal.tex in Resources */,
				BAA3CC802F55A17F0096A85B /* door_stoneframe_01_Roughnessdoor_stoneframe_01_Metalness.tex in Resources */,
				BAA3CC812F55A17F0096A85B /* stone_trims_01_BaseColor.tex in Resources */,
				BAA3CC822F55A17F0096A85B /* wood_door_01_Roughnesswood_door_01_Metalness.tex in Resources */,
				BAA3CC832F55A17F0096A85B /* col_brickwall_01_Roughnesscol_brickwall_01_Metalness.tex in Resources */,
				BAA3CC842F55A17F0096A85B /* col_head_1stfloor_BaseColor.tex in Resources */,
				BAA3CC852F55A17F0096A85B /* stone_trims_01_Normal.tex in Resources */,
				BAA3CC862F55A17F0096A85B /* floor_tiles_01_Normal.tex in Resources */,
				BAA3CC872F55A17F0096A85B /* window_frame_01_Roughnesswindow_frame_01_Metalness.tex in Resources */,
				BAA3CC882F55A17F0096A85B /* col_head_1stfloor_Normal.tex in Resources */,
				BAA3CC892F55A17F0096A85B /* roof_tiles_01_Normal.tex in Resources */,
				BAA3CC8A2F55A17F0096A85B /* col_1stfloor_Normal.tex in Resources */,
				BAA3CC8B2F55A17F0096A85B /* arch_stone_wall_01_Roughnessarch_stone_wall_01_Metalness.tex in Resources */,
				BAA3CC8C2F55A17F0096A85B /* lionhead_01_Normal.tex in Resources */,
				BAA3CC8D2F55A17F0096A85B /* roof_tiles_01_BaseColor.tex in Resources */,
				BAA3CC8E2F55A17F0096A85B /* lionhead_01_Roughnesslionhead_01_Metalness.tex in Resources */,
				BAA3CC8F2F55A17F0096A85B /* door_stoneframe_01_Normal.tex in Resources */,
				BAA3CC902F55A17F0096A85B /* col_head_2ndfloor_03_Roughnesscol_head_2ndfloor_03_Metalness.tex in Resources */,
				BAA3CC912F55A17F0096A85B /* stones_2ndfloor_01_Roughnessstones_2ndfloor_01_Metalness.tex in Resources */,
				BAA3CC922F55A17F0096A85B /* col_1stfloor_Roughnesscol_1stfloor_Metalness.tex in Resources */,
				BAA3CC932F55A17F0096A85B /* metal_door_01_Roughnessmetal_door_01_Metalness.tex in Resources */,
				BAA3CC942F55A17F0096A85B /* curtain_fabric_Roughnesscurtain_fabric_Metalness.tex in Resources */,
				BAA3CC952F55A17F0096A85B /* curtain_fabric_Normal.tex in Resources */,
				BAA3CC962F55A17F0096A85B /* ornament_01_Roughnessornament_01_Metalness.tex in Resources */,
				BAA3CC972F55A17F0096A85B /* wood_door_01_Normal.tex in Resources */,
				BAA3CC982F55A17F0096A85B /* stone_01_tile_BaseColor.tex in Resources */,
				BA02DA352F558F09009EBF35 /* 16299174074766089871.tex in Resources */,
				BA02DA362F558F09009EBF35 /* 17876391417123941155.tex in Resources */,
				BA02DA372F558F09009EBF35 /* 14118779221266351425.tex in Resources */,
				BA02DA382F558F09009EBF35 /* 3827035219084910048.tex in Resources */,
			);
			runOnlyForDeploymentPostprocessing = 0;
		};
/* End PBXResourcesBuildPhase section */

/* Begin PBXSourcesBuildPhase section */
		BA02D9562F557A58009EBF35 /* Sources */ = {
			isa = PBXSourcesBuildPhase;
			buildActionMask = 2147483647;
			files = (
			);
			runOnlyForDeploymentPostprocessing = 0;
		};
		BA87BC1C2F4B95BD00AC823E /* Sources */ = {
			isa = PBXSourcesBuildPhase;
			buildActionMask = 2147483647;
			files = (
				BA91F3852F4F4BC900BF334B /* 2_input_neural_brdf.mlpackage in Sources */,
			);
			runOnlyForDeploymentPostprocessing = 0;
		};
/* End PBXSourcesBuildPhase section */

/* Begin XCBuildConfiguration section */
		BA02D95F2F557A58009EBF35 /* Debug */ = {
			isa = XCBuildConfiguration;
			buildSettings = {
				CODE_SIGN_STYLE = Automatic;
				DEVELOPMENT_TEAM = W8YUTR9U97;
				ENABLE_HARDENED_RUNTIME = YES;
				PRODUCT_NAME = "$(TARGET_NAME)";
			};
			name = Debug;
		};
		BA02D9602F557A58009EBF35 /* Release */ = {
			isa = XCBuildConfiguration;
			buildSettings = {
				CODE_SIGN_STYLE = Automatic;
				DEVELOPMENT_TEAM = W8YUTR9U97;
				ENABLE_HARDENED_RUNTIME = YES;
				PRODUCT_NAME = "$(TARGET_NAME)";
			};
			name = Release;
		};
		BA87BC292F4B95BE00AC823E /* Debug */ = {
			isa = XCBuildConfiguration;
			buildSettings = {
				ALWAYS_SEARCH_USER_PATHS = NO;
				ASSETCATALOG_COMPILER_GENERATE_SWIFT_ASSET_SYMBOL_EXTENSIONS = YES;
				CLANG_ANALYZER_NONNULL = YES;
				CLANG_ANALYZER_NUMBER_OBJECT_CONVERSION = YES_AGGRESSIVE;
				CLANG_CXX_LANGUAGE_STANDARD = "gnu++20";
				CLANG_ENABLE_MODULES = YES;
				CLANG_ENABLE_OBJC_ARC = YES;
				CLANG_ENABLE_OBJC_WEAK = YES;
				CLANG_WARN_BLOCK_CAPTURE_AUTORELEASING = YES;
				CLANG_WARN_BOOL_CONVERSION = YES;
				CLANG_WARN_COMMA = YES;
				CLANG_WARN_CONSTANT_CONVERSION = YES;
				CLANG_WARN_DEPRECATED_OBJC_IMPLEMENTATIONS = YES;
				CLANG_WARN_DIRECT_OBJC_ISA_USAGE = YES_ERROR;
				CLANG_WARN_DOCUMENTATION_COMMENTS = YES;
				CLANG_WARN_EMPTY_BODY = YES;
				CLANG_WARN_ENUM_CONVERSION = YES;
				CLANG_WARN_INFINITE_RECURSION = YES;
				CLANG_WARN_INT_CONVERSION = YES;
				CLANG_WARN_NON_LITERAL_NULL_CONVERSION = YES;
				CLANG_WARN_OBJC_IMPLICIT_RETAIN_SELF = YES;
				CLANG_WARN_OBJC_LITERAL_CONVERSION = YES;
				CLANG_WARN_OBJC_ROOT_CLASS = YES_ERROR;
				CLANG_WARN_QUOTED_INCLUDE_IN_FRAMEWORK_HEADER = YES;
				CLANG_WARN_RANGE_LOOP_ANALYSIS = YES;
				CLANG_WARN_STRICT_PROTOTYPES = YES;
				CLANG_WARN_SUSPICIOUS_MOVE = YES;
				CLANG_WARN_UNGUARDED_AVAILABILITY = YES_AGGRESSIVE;
				CLANG_WARN_UNREACHABLE_CODE = YES;
				CLANG_WARN__DUPLICATE_METHOD_MATCH = YES;
				COPY_PHASE_STRIP = NO;
				DEAD_CODE_STRIPPING = YES;
				DEBUG_INFORMATION_FORMAT = dwarf;
				DEVELOPMENT_TEAM = W8YUTR9U97;
				ENABLE_STRICT_OBJC_MSGSEND = YES;
				ENABLE_TESTABILITY = YES;
				ENABLE_USER_SCRIPT_SANDBOXING = YES;
				GCC_C_LANGUAGE_STANDARD = gnu17;
				GCC_DYNAMIC_NO_PIC = NO;
				GCC_NO_COMMON_BLOCKS = YES;
				GCC_OPTIMIZATION_LEVEL = 0;
				GCC_PREPROCESSOR_DEFINITIONS = (
					"DEBUG=1",
					"$(inherited)",
				);
				GCC_WARN_64_TO_32_BIT_CONVERSION = YES;
				GCC_WARN_ABOUT_RETURN_TYPE = YES_ERROR;
				GCC_WARN_UNDECLARED_SELECTOR = YES;
				GCC_WARN_UNINITIALIZED_AUTOS = YES_AGGRESSIVE;
				GCC_WARN_UNUSED_FUNCTION = YES;
				GCC_WARN_UNUSED_VARIABLE = YES;
				LOCALIZATION_PREFERS_STRING_CATALOGS = YES;
				MACOSX_DEPLOYMENT_TARGET = 26.2;
				MTL_ENABLE_DEBUG_INFO = INCLUDE_SOURCE;
				MTL_FAST_MATH = YES;
				ONLY_ACTIVE_ARCH = YES;
				SDKROOT = macosx;
				STRING_CATALOG_GENERATE_SYMBOLS = YES;
				SWIFT_ACTIVE_COMPILATION_CONDITIONS = "DEBUG $(inherited)";
				SWIFT_OPTIMIZATION_LEVEL = "-Onone";
			};
			name = Debug;
		};
		BA87BC2A2F4B95BE00AC823E /* Release */ = {
			isa = XCBuildConfiguration;
			buildSettings = {
				ALWAYS_SEARCH_USER_PATHS = NO;
				ASSETCATALOG_COMPILER_GENERATE_SWIFT_ASSET_SYMBOL_EXTENSIONS = YES;
				CLANG_ANALYZER_NONNULL = YES;
				CLANG_ANALYZER_NUMBER_OBJECT_CONVERSION = YES_AGGRESSIVE;
				CLANG_CXX_LANGUAGE_STANDARD = "gnu++20";
				CLANG_ENABLE_MODULES = YES;
				CLANG_ENABLE_OBJC_ARC = YES;
				CLANG_ENABLE_OBJC_WEAK = YES;
				CLANG_WARN_BLOCK_CAPTURE_AUTORELEASING = YES;
				CLANG_WARN_BOOL_CONVERSION = YES;
				CLANG_WARN_COMMA = YES;
				CLANG_WARN_CONSTANT_CONVERSION = YES;
				CLANG_WARN_DEPRECATED_OBJC_IMPLEMENTATIONS = YES;
				CLANG_WARN_DIRECT_OBJC_ISA_USAGE = YES_ERROR;
				CLANG_WARN_DOCUMENTATION_COMMENTS = YES;
				CLANG_WARN_EMPTY_BODY = YES;
				CLANG_WARN_ENUM_CONVERSION = YES;
				CLANG_WARN_INFINITE_RECURSION = YES;
				CLANG_WARN_INT_CONVERSION = YES;
				CLANG_WARN_NON_LITERAL_NULL_CONVERSION = YES;
				CLANG_WARN_OBJC_IMPLICIT_RETAIN_SELF = YES;
				CLANG_WARN_OBJC_LITERAL_CONVERSION = YES;
				CLANG_WARN_OBJC_ROOT_CLASS = YES_ERROR;
				CLANG_WARN_QUOTED_INCLUDE_IN_FRAMEWORK_HEADER = YES;
				CLANG_WARN_RANGE_LOOP_ANALYSIS = YES;
				CLANG_WARN_STRICT_PROTOTYPES = YES;
				CLANG_WARN_SUSPICIOUS_MOVE = YES;
				CLANG_WARN_UNGUARDED_AVAILABILITY = YES_AGGRESSIVE;
				CLANG_WARN_UNREACHABLE_CODE = YES;
				CLANG_WARN__DUPLICATE_METHOD_MATCH = YES;
				COPY_PHASE_STRIP = NO;
				DEAD_CODE_STRIPPING = YES;
				DEBUG_INFORMATION_FORMAT = "dwarf-with-dsym";
				DEVELOPMENT_TEAM = W8YUTR9U97;
				ENABLE_NS_ASSERTIONS = NO;
				ENABLE_STRICT_OBJC_MSGSEND = YES;
				ENABLE_USER_SCRIPT_SANDBOXING = YES;
				GCC_C_LANGUAGE_STANDARD = gnu17;
				GCC_NO_COMMON_BLOCKS = YES;
				GCC_WARN_64_TO_32_BIT_CONVERSION = YES;
				GCC_WARN_ABOUT_RETURN_TYPE = YES_ERROR;
				GCC_WARN_UNDECLARED_SELECTOR = YES;
				GCC_WARN_UNINITIALIZED_AUTOS = YES_AGGRESSIVE;
				GCC_WARN_UNUSED_FUNCTION = YES;
				GCC_WARN_UNUSED_VARIABLE = YES;
				LOCALIZATION_PREFERS_STRING_CATALOGS = YES;
				MACOSX_DEPLOYMENT_TARGET = 26.2;
				MTL_ENABLE_DEBUG_INFO = NO;
				MTL_FAST_MATH = YES;
				SDKROOT = macosx;
				STRING_CATALOG_GENERATE_SYMBOLS = YES;
				SWIFT_COMPILATION_MODE = wholemodule;
			};
			name = Release;
		};
		BA87BC2C2F4B95BE00AC823E /* Debug */ = {
			isa = XCBuildConfiguration;
			buildSettings = {
				ASSETCATALOG_COMPILER_APPICON_NAME = AppIcon;
				ASSETCATALOG_COMPILER_GLOBAL_ACCENT_COLOR_NAME = AccentColor;
				CLANG_ENABLE_MODULES = YES;
				CODE_SIGN_STYLE = Automatic;
				COMBINE_HIDPI_IMAGES = YES;
				CURRENT_PROJECT_VERSION = 1;
				DEAD_CODE_STRIPPING = YES;
				DEVELOPMENT_TEAM = W8YUTR9U97;
				ENABLE_APP_SANDBOX = YES;
				ENABLE_HARDENED_RUNTIME = YES;
				ENABLE_PREVIEWS = YES;
				ENABLE_USER_SELECTED_FILES = readonly;
				GENERATE_INFOPLIST_FILE = YES;
				INFOPLIST_KEY_CFBundleDisplayName = "Neural Graphics";
				INFOPLIST_KEY_LSApplicationCategoryType = "public.app-category.graphics-design";
				INFOPLIST_KEY_NSHumanReadableCopyright = "";
				LD_RUNPATH_SEARCH_PATHS = (
					"$(inherited)",
					"@executable_path/../Frameworks",
				);
				MARKETING_VERSION = 1.0;
				PRODUCT_BUNDLE_IDENTIFIER = AmelieHeinrichInc.NeuralGraphics;
				PRODUCT_NAME = "$(TARGET_NAME)";
				REGISTER_APP_GROUPS = YES;
				STRING_CATALOG_GENERATE_SYMBOLS = YES;
				SWIFT_APPROACHABLE_CONCURRENCY = YES;
				SWIFT_DEFAULT_ACTOR_ISOLATION = MainActor;
				SWIFT_EMIT_LOC_STRINGS = YES;
				SWIFT_INCLUDE_PATHS = NeuralGraphics/MeshLoader;
				SWIFT_OBJC_INTEROP_MODE = objcxx;
				SWIFT_OPTIMIZATION_LEVEL = "-Onone";
				SWIFT_UPCOMING_FEATURE_MEMBER_IMPORT_VISIBILITY = YES;
				SWIFT_VERSION = 5.0;
			};
			name = Debug;
		};
		BA87BC2D2F4B95BE00AC823E /* Release */ = {
			isa = XCBuildConfiguration;
			buildSettings = {
				ASSETCATALOG_COMPILER_APPICON_NAME = AppIcon;
				ASSETCATALOG_COMPILER_GLOBAL_ACCENT_COLOR_NAME = AccentColor;
				CLANG_ENABLE_MODULES = YES;
				CODE_SIGN_STYLE = Automatic;
				COMBINE_HIDPI_IMAGES = YES;
				CURRENT_PROJECT_VERSION = 1;
				DEAD_CODE_STRIPPING = YES;
				DEVELOPMENT_TEAM = W8YUTR9U97;
				ENABLE_APP_SANDBOX = YES;
				ENABLE_HARDENED_RUNTIME = YES;
				ENABLE_PREVIEWS = YES;
				ENABLE_USER_SELECTED_FILES = readonly;
				GENERATE_INFOPLIST_FILE = YES;
				INFOPLIST_KEY_CFBundleDisplayName = "Neural Graphics";
				INFOPLIST_KEY_LSApplicationCategoryType = "public.app-category.graphics-design";
				INFOPLIST_KEY_NSHumanReadableCopyright = "";
				LD_RUNPATH_SEARCH_PATHS = (
					"$(inherited)",
					"@executable_path/../Frameworks",
				);
				MARKETING_VERSION = 1.0;
				PRODUCT_BUNDLE_IDENTIFIER = AmelieHeinrichInc.NeuralGraphics;
				PRODUCT_NAME = "$(TARGET_NAME)";
				REGISTER_APP_GROUPS = YES;
				STRING_CATALOG_GENERATE_SYMBOLS = YES;
				SWIFT_APPROACHABLE_CONCURRENCY = YES;
				SWIFT_DEFAULT_ACTOR_ISOLATION = MainActor;
				SWIFT_EMIT_LOC_STRINGS = YES;
				SWIFT_INCLUDE_PATHS = NeuralGraphics/MeshLoader;
				SWIFT_OBJC_INTEROP_MODE = objcxx;
				SWIFT_UPCOMING_FEATURE_MEMBER_IMPORT_VISIBILITY = YES;
				SWIFT_VERSION = 5.0;
			};
			name = Release;
		};
/* End XCBuildConfiguration section */

/* Begin XCConfigurationList section */
		BA02D95E2F557A58009EBF35 /* Build configuration list for PBXNativeTarget "AssetBaker" */ = {
			isa = XCConfigurationList;
			buildConfigurations = (
				BA02D95F2F557A58009EBF35 /* Debug */,
				BA02D9602F557A58009EBF35 /* Release */,
			);
			defaultConfigurationIsVisible = 0;
			defaultConfigurationName = Release;
		};
		BA87BC1B2F4B95BD00AC823E /* Build configuration list for PBXProject "NeuralGraphics" */ = {
			isa = XCConfigurationList;
			buildConfigurations = (
				BA87BC292F4B95BE00AC823E /* Debug */,
				BA87BC2A2F4B95BE00AC823E /* Release */,
			);
			defaultConfigurationIsVisible = 0;
			defaultConfigurationName = Release;
		};
		BA87BC2B2F4B95BE00AC823E /* Build configuration list for PBXNativeTarget "Neural Graphics" */ = {
			isa = XCConfigurationList;
			buildConfigurations = (
				BA87BC2C2F4B95BE00AC823E /* Debug */,
				BA87BC2D2F4B95BE00AC823E /* Release */,
			);
			defaultConfigurationIsVisible = 0;
			defaultConfigurationName = Release;
		};
/* End XCConfigurationList section */
	};
	rootObject = BA87BC182F4B95BD00AC823E /* Project object */;
}
