// !$*UTF8*$!
{
	archiveVersion = 1;
	classes = {
	};
	objectVersion = 77;
	objects = {

/* Begin PBXBuildFile section */
		BA02D9952F557EB1009EBF35 /* libate.tbd in Frameworks */ = {isa = PBXBuildFile; fileRef = BA02D9942F557EB0009EBF35 /* libate.tbd */; };
		BA91F3682F4F2ED800BF334B /* TestTexture.png in Resources */ = {isa = PBXBuildFile; fileRef = BA91F3662F4F2ED800BF334B /* TestTexture.png */; };
		BA91F36A2F4F2ED800BF334B /* InferredTestTexture.png in Resources */ = {isa = PBXBuildFile; fileRef = BA91F3652F4F2ED800BF334B /* InferredTestTexture.png */; };
		BA91F3852F4F4BC900BF334B /* 2_input_neural_brdf.mlpackage in Sources */ = {isa = PBXBuildFile; fileRef = BA91F3812F4F4BC900BF334B /* 2_input_neural_brdf.mlpackage */; };
		BA91F3862F4F4BC900BF334B /* 2_input_neural_brdf.pth in Resources */ = {isa = PBXBuildFile; fileRef = BA91F3832F4F4BC900BF334B /* 2_input_neural_brdf.pth */; };
		BA91F3872F4F4BC900BF334B /* 2_input_neural_brdf.mtlpackage in Resources */ = {isa = PBXBuildFile; fileRef = BA91F3822F4F4BC900BF334B /* 2_input_neural_brdf.mtlpackage */; };
/* End PBXBuildFile section */

/* Begin PBXCopyFilesBuildPhase section */
		BA02D9582F557A58009EBF35 /* CopyFiles */ = {
			isa = PBXCopyFilesBuildPhase;
			buildActionMask = 2147483647;
			dstPath = /usr/share/man/man1/;
			dstSubfolderSpec = 0;
			files = (
			);
			runOnlyForDeploymentPostprocessing = 1;
		};
/* End PBXCopyFilesBuildPhase section */

/* Begin PBXFileReference section */
		BA02D95A2F557A58009EBF35 /* AssetBaker */ = {isa = PBXFileReference; explicitFileType = "compiled.mach-o.executable"; includeInIndex = 0; path = AssetBaker; sourceTree = BUILT_PRODUCTS_DIR; };
		BA02D9942F557EB0009EBF35 /* libate.tbd */ = {isa = PBXFileReference; lastKnownFileType = "sourcecode.text-based-dylib-definition"; name = libate.tbd; path = usr/lib/libate.tbd; sourceTree = SDKROOT; };
		BA87BC202F4B95BD00AC823E /* Neural Graphics.app */ = {isa = PBXFileReference; explicitFileType = wrapper.application; includeInIndex = 0; path = "Neural Graphics.app"; sourceTree = BUILT_PRODUCTS_DIR; };
		BA91F3652F4F2ED800BF334B /* InferredTestTexture.png */ = {isa = PBXFileReference; lastKnownFileType = image.png; path = InferredTestTexture.png; sourceTree = "<group>"; };
		BA91F3662F4F2ED800BF334B /* TestTexture.png */ = {isa = PBXFileReference; lastKnownFileType = image.png; path = TestTexture.png; sourceTree = "<group>"; };
		BA91F3812F4F4BC900BF334B /* 2_input_neural_brdf.mlpackage */ = {isa = PBXFileReference; lastKnownFileType = folder.mlpackage; path = 2_input_neural_brdf.mlpackage; sourceTree = "<group>"; };
		BA91F3822F4F4BC900BF334B /* 2_input_neural_brdf.mtlpackage */ = {isa = PBXFileReference; lastKnownFileType = wrapper; path = 2_input_neural_brdf.mtlpackage; sourceTree = "<group>"; };
		BA91F3832F4F4BC900BF334B /* 2_input_neural_brdf.pth */ = {isa = PBXFileReference; lastKnownFileType = file; path = 2_input_neural_brdf.pth; sourceTree = "<group>"; };
/* End PBXFileReference section */

/* Begin PBXFileSystemSynchronizedRootGroup section */
		BA02D95B2F557A58009EBF35 /* AssetBaker */ = {
			isa = PBXFileSystemSynchronizedRootGroup;
			path = AssetBaker;
			sourceTree = "<group>";
		};
		BA87BC222F4B95BD00AC823E /* NeuralGraphics */ = {
			isa = PBXFileSystemSynchronizedRootGroup;
			path = NeuralGraphics;
			sourceTree = "<group>";
		};
/* End PBXFileSystemSynchronizedRootGroup section */

/* Begin PBXFrameworksBuildPhase section */
		BA02D9572F557A58009EBF35 /* Frameworks */ = {
			isa = PBXFrameworksBuildPhase;
			buildActionMask = 2147483647;
			files = (
				BA02D9952F557EB1009EBF35 /* libate.tbd in Frameworks */,
			);
			runOnlyForDeploymentPostprocessing = 0;
		};
		BA87BC1D2F4B95BD00AC823E /* Frameworks */ = {
			isa = PBXFrameworksBuildPhase;
			buildActionMask = 2147483647;
			files = (
			);
			runOnlyForDeploymentPostprocessing = 0;
		};
/* End PBXFrameworksBuildPhase section */

/* Begin PBXGroup section */
		BA02D9932F557EB0009EBF35 /* Frameworks */ = {
			isa = PBXGroup;
			children = (
				BA02D9942F557EB0009EBF35 /* libate.tbd */,
			);
			name = Frameworks;
			sourceTree = "<group>";
		};
		BA87BC172F4B95BD00AC823E = {
			isa = PBXGroup;
			children = (
				BA91F3672F4F2ED800BF334B /* Assets */,
				BA87BC222F4B95BD00AC823E /* NeuralGraphics */,
				BA02D95B2F557A58009EBF35 /* AssetBaker */,
				BA02D9932F557EB0009EBF35 /* Frameworks */,
				BA87BC212F4B95BD00AC823E /* Products */,
			);
			sourceTree = "<group>";
		};
		BA87BC212F4B95BD00AC823E /* Products */ = {
			isa = PBXGroup;
			children = (
				BA87BC202F4B95BD00AC823E /* Neural Graphics.app */,
				BA02D95A2F557A58009EBF35 /* AssetBaker */,
			);
			name = Products;
			sourceTree = "<group>";
		};
		BA91F3672F4F2ED800BF334B /* Assets */ = {
			isa = PBXGroup;
			children = (
				BA91F3842F4F4BC900BF334B /* Models */,
				BA91F3652F4F2ED800BF334B /* InferredTestTexture.png */,
				BA91F3662F4F2ED800BF334B /* TestTexture.png */,
			);
			path = Assets;
			sourceTree = "<group>";
		};
		BA91F3842F4F4BC900BF334B /* Models */ = {
			isa = PBXGroup;
			children = (
				BA91F3812F4F4BC900BF334B /* 2_input_neural_brdf.mlpackage */,
				BA91F3822F4F4BC900BF334B /* 2_input_neural_brdf.mtlpackage */,
				BA91F3832F4F4BC900BF334B /* 2_input_neural_brdf.pth */,
			);
			path = Models;
			sourceTree = "<group>";
		};
/* End PBXGroup section */

/* Begin PBXNativeTarget section */
		BA02D9592F557A58009EBF35 /* AssetBaker */ = {
			isa = PBXNativeTarget;
			buildConfigurationList = BA02D95E2F557A58009EBF35 /* Build configuration list for PBXNativeTarget "AssetBaker" */;
			buildPhases = (
				BA02D9562F557A58009EBF35 /* Sources */,
				BA02D9572F557A58009EBF35 /* Frameworks */,
				BA02D9582F557A58009EBF35 /* CopyFiles */,
			);
			buildRules = (
			);
			dependencies = (
			);
			fileSystemSynchronizedGroups = (
				BA02D95B2F557A58009EBF35 /* AssetBaker */,
			);
			name = AssetBaker;
			packageProductDependencies = (
			);
			productName = AssetBaker;
			productReference = BA02D95A2F557A58009EBF35 /* AssetBaker */;
			productType = "com.apple.product-type.tool";
		};
		BA87BC1F2F4B95BD00AC823E /* Neural Graphics */ = {
			isa = PBXNativeTarget;
			buildConfigurationList = BA87BC2B2F4B95BE00AC823E /* Build configuration list for PBXNativeTarget "Neural Graphics" */;
			buildPhases = (
				BA87BC1C2F4B95BD00AC823E /* Sources */,
				BA87BC1D2F4B95BD00AC823E /* Frameworks */,
				BA87BC1E2F4B95BD00AC823E /* Resources */,
			);
			buildRules = (
			);
			dependencies = (
			);
			fileSystemSynchronizedGroups = (
				BA87BC222F4B95BD00AC823E /* NeuralGraphics */,
			);
			name = "Neural Graphics";
			packageProductDependencies = (
			);
			productName = NeuralGraphics;
			productReference = BA87BC202F4B95BD00AC823E /* Neural Graphics.app */;
			productType = "com.apple.product-type.application";
		};
/* End PBXNativeTarget section */

/* Begin PBXProject section */
		BA87BC182F4B95BD00AC823E /* Project object */ = {
			isa = PBXProject;
			attributes = {
				BuildIndependentTargetsInParallel = 1;
				LastSwiftUpdateCheck = 2620;
				LastUpgradeCheck = 2630;
				TargetAttributes = {
					BA02D9592F557A58009EBF35 = {
						CreatedOnToolsVersion = 26.3;
					};
					BA87BC1F2F4B95BD00AC823E = {
						CreatedOnToolsVersion = 26.2;
						LastSwiftMigration = 2630;
					};
				};
			};
			buildConfigurationList = BA87BC1B2F4B95BD00AC823E /* Build configuration list for PBXProject "NeuralGraphics" */;
			developmentRegion = en;
			hasScannedForEncodings = 0;
			knownRegions = (
				en,
				Base,
			);
			mainGroup = BA87BC172F4B95BD00AC823E;
			minimizedProjectReferenceProxies = 1;
			packageReferences = (
			);
			preferredProjectObjectVersion = 77;
			productRefGroup = BA87BC212F4B95BD00AC823E /* Products */;
			projectDirPath = "";
			projectRoot = "";
			targets = (
				BA87BC1F2F4B95BD00AC823E /* Neural Graphics */,
				BA02D9592F557A58009EBF35 /* AssetBaker */,
			);
		};
/* End PBXProject section */

/* Begin PBXResourcesBuildPhase section */
		BA87BC1E2F4B95BD00AC823E /* Resources */ = {
			isa = PBXResourcesBuildPhase;
			buildActionMask = 2147483647;
			files = (
				BA91F3682F4F2ED800BF334B /* TestTexture.png in Resources */,
				BA91F36A2F4F2ED800BF334B /* InferredTestTexture.png in Resources */,
				BA91F3862F4F4BC900BF334B /* 2_input_neural_brdf.pth in Resources */,
				BA91F3872F4F4BC900BF334B /* 2_input_neural_brdf.mtlpackage in Resources */,
			);
			runOnlyForDeploymentPostprocessing = 0;
		};
/* End PBXResourcesBuildPhase section */

/* Begin PBXSourcesBuildPhase section */
		BA02D9562F557A58009EBF35 /* Sources */ = {
			isa = PBXSourcesBuildPhase;
			buildActionMask = 2147483647;
			files = (
			);
			runOnlyForDeploymentPostprocessing = 0;
		};
		BA87BC1C2F4B95BD00AC823E /* Sources */ = {
			isa = PBXSourcesBuildPhase;
			buildActionMask = 2147483647;
			files = (
				BA91F3852F4F4BC900BF334B /* 2_input_neural_brdf.mlpackage in Sources */,
			);
			runOnlyForDeploymentPostprocessing = 0;
		};
/* End PBXSourcesBuildPhase section */

/* Begin XCBuildConfiguration section */
		BA02D95F2F557A58009EBF35 /* Debug */ = {
			isa = XCBuildConfiguration;
			buildSettings = {
				CODE_SIGN_STYLE = Automatic;
				DEVELOPMENT_TEAM = W8YUTR9U97;
				ENABLE_HARDENED_RUNTIME = YES;
				PRODUCT_NAME = "$(TARGET_NAME)";
			};
			name = Debug;
		};
		BA02D9602F557A58009EBF35 /* Release */ = {
			isa = XCBuildConfiguration;
			buildSettings = {
				CODE_SIGN_STYLE = Automatic;
				DEVELOPMENT_TEAM = W8YUTR9U97;
				ENABLE_HARDENED_RUNTIME = YES;
				PRODUCT_NAME = "$(TARGET_NAME)";
			};
			name = Release;
		};
		BA87BC292F4B95BE00AC823E /* Debug */ = {
			isa = XCBuildConfiguration;
			buildSettings = {
				ALWAYS_SEARCH_USER_PATHS = NO;
				ASSETCATALOG_COMPILER_GENERATE_SWIFT_ASSET_SYMBOL_EXTENSIONS = YES;
				CLANG_ANALYZER_NONNULL = YES;
				CLANG_ANALYZER_NUMBER_OBJECT_CONVERSION = YES_AGGRESSIVE;
				CLANG_CXX_LANGUAGE_STANDARD = "gnu++20";
				CLANG_ENABLE_MODULES = YES;
				CLANG_ENABLE_OBJC_ARC = YES;
				CLANG_ENABLE_OBJC_WEAK = YES;
				CLANG_WARN_BLOCK_CAPTURE_AUTORELEASING = YES;
				CLANG_WARN_BOOL_CONVERSION = YES;
				CLANG_WARN_COMMA = YES;
				CLANG_WARN_CONSTANT_CONVERSION = YES;
				CLANG_WARN_DEPRECATED_OBJC_IMPLEMENTATIONS = YES;
				CLANG_WARN_DIRECT_OBJC_ISA_USAGE = YES_ERROR;
				CLANG_WARN_DOCUMENTATION_COMMENTS = YES;
				CLANG_WARN_EMPTY_BODY = YES;
				CLANG_WARN_ENUM_CONVERSION = YES;
				CLANG_WARN_INFINITE_RECURSION = YES;
				CLANG_WARN_INT_CONVERSION = YES;
				CLANG_WARN_NON_LITERAL_NULL_CONVERSION = YES;
				CLANG_WARN_OBJC_IMPLICIT_RETAIN_SELF = YES;
				CLANG_WARN_OBJC_LITERAL_CONVERSION = YES;
				CLANG_WARN_OBJC_ROOT_CLASS = YES_ERROR;
				CLANG_WARN_QUOTED_INCLUDE_IN_FRAMEWORK_HEADER = YES;
				CLANG_WARN_RANGE_LOOP_ANALYSIS = YES;
				CLANG_WARN_STRICT_PROTOTYPES = YES;
				CLANG_WARN_SUSPICIOUS_MOVE = YES;
				CLANG_WARN_UNGUARDED_AVAILABILITY = YES_AGGRESSIVE;
				CLANG_WARN_UNREACHABLE_CODE = YES;
				CLANG_WARN__DUPLICATE_METHOD_MATCH = YES;
				COPY_PHASE_STRIP = NO;
				DEAD_CODE_STRIPPING = YES;
				DEBUG_INFORMATION_FORMAT = dwarf;
				DEVELOPMENT_TEAM = W8YUTR9U97;
				ENABLE_STRICT_OBJC_MSGSEND = YES;
				ENABLE_TESTABILITY = YES;
				ENABLE_USER_SCRIPT_SANDBOXING = YES;
				GCC_C_LANGUAGE_STANDARD = gnu17;
				GCC_DYNAMIC_NO_PIC = NO;
				GCC_NO_COMMON_BLOCKS = YES;
				GCC_OPTIMIZATION_LEVEL = 0;
				GCC_PREPROCESSOR_DEFINITIONS = (
					"DEBUG=1",
					"$(inherited)",
				);
				GCC_WARN_64_TO_32_BIT_CONVERSION = YES;
				GCC_WARN_ABOUT_RETURN_TYPE = YES_ERROR;
				GCC_WARN_UNDECLARED_SELECTOR = YES;
				GCC_WARN_UNINITIALIZED_AUTOS = YES_AGGRESSIVE;
				GCC_WARN_UNUSED_FUNCTION = YES;
				GCC_WARN_UNUSED_VARIABLE = YES;
				LOCALIZATION_PREFERS_STRING_CATALOGS = YES;
				MACOSX_DEPLOYMENT_TARGET = 26.2;
				MTL_ENABLE_DEBUG_INFO = INCLUDE_SOURCE;
				MTL_FAST_MATH = YES;
				ONLY_ACTIVE_ARCH = YES;
				SDKROOT = macosx;
				STRING_CATALOG_GENERATE_SYMBOLS = YES;
				SWIFT_ACTIVE_COMPILATION_CONDITIONS = "DEBUG $(inherited)";
				SWIFT_OPTIMIZATION_LEVEL = "-Onone";
			};
			name = Debug;
		};
		BA87BC2A2F4B95BE00AC823E /* Release */ = {
			isa = XCBuildConfiguration;
			buildSettings = {
				ALWAYS_SEARCH_USER_PATHS = NO;
				ASSETCATALOG_COMPILER_GENERATE_SWIFT_ASSET_SYMBOL_EXTENSIONS = YES;
				CLANG_ANALYZER_NONNULL = YES;
				CLANG_ANALYZER_NUMBER_OBJECT_CONVERSION = YES_AGGRESSIVE;
				CLANG_CXX_LANGUAGE_STANDARD = "gnu++20";
				CLANG_ENABLE_MODULES = YES;
				CLANG_ENABLE_OBJC_ARC = YES;
				CLANG_ENABLE_OBJC_WEAK = YES;
				CLANG_WARN_BLOCK_CAPTURE_AUTORELEASING = YES;
				CLANG_WARN_BOOL_CONVERSION = YES;
				CLANG_WARN_COMMA = YES;
				CLANG_WARN_CONSTANT_CONVERSION = YES;
				CLANG_WARN_DEPRECATED_OBJC_IMPLEMENTATIONS = YES;
				CLANG_WARN_DIRECT_OBJC_ISA_USAGE = YES_ERROR;
				CLANG_WARN_DOCUMENTATION_COMMENTS = YES;
				CLANG_WARN_EMPTY_BODY = YES;
				CLANG_WARN_ENUM_CONVERSION = YES;
				CLANG_WARN_INFINITE_RECURSION = YES;
				CLANG_WARN_INT_CONVERSION = YES;
				CLANG_WARN_NON_LITERAL_NULL_CONVERSION = YES;
				CLANG_WARN_OBJC_IMPLICIT_RETAIN_SELF = YES;
				CLANG_WARN_OBJC_LITERAL_CONVERSION = YES;
				CLANG_WARN_OBJC_ROOT_CLASS = YES_ERROR;
				CLANG_WARN_QUOTED_INCLUDE_IN_FRAMEWORK_HEADER = YES;
				CLANG_WARN_RANGE_LOOP_ANALYSIS = YES;
				CLANG_WARN_STRICT_PROTOTYPES = YES;
				CLANG_WARN_SUSPICIOUS_MOVE = YES;
				CLANG_WARN_UNGUARDED_AVAILABILITY = YES_AGGRESSIVE;
				CLANG_WARN_UNREACHABLE_CODE = YES;
				CLANG_WARN__DUPLICATE_METHOD_MATCH = YES;
				COPY_PHASE_STRIP = NO;
				DEAD_CODE_STRIPPING = YES;
				DEBUG_INFORMATION_FORMAT = "dwarf-with-dsym";
				DEVELOPMENT_TEAM = W8YUTR9U97;
				ENABLE_NS_ASSERTIONS = NO;
				ENABLE_STRICT_OBJC_MSGSEND = YES;
				ENABLE_USER_SCRIPT_SANDBOXING = YES;
				GCC_C_LANGUAGE_STANDARD = gnu17;
				GCC_NO_COMMON_BLOCKS = YES;
				GCC_WARN_64_TO_32_BIT_CONVERSION = YES;
				GCC_WARN_ABOUT_RETURN_TYPE = YES_ERROR;
				GCC_WARN_UNDECLARED_SELECTOR = YES;
				GCC_WARN_UNINITIALIZED_AUTOS = YES_AGGRESSIVE;
				GCC_WARN_UNUSED_FUNCTION = YES;
				GCC_WARN_UNUSED_VARIABLE = YES;
				LOCALIZATION_PREFERS_STRING_CATALOGS = YES;
				MACOSX_DEPLOYMENT_TARGET = 26.2;
				MTL_ENABLE_DEBUG_INFO = NO;
				MTL_FAST_MATH = YES;
				SDKROOT = macosx;
				STRING_CATALOG_GENERATE_SYMBOLS = YES;
				SWIFT_COMPILATION_MODE = wholemodule;
			};
			name = Release;
		};
		BA87BC2C2F4B95BE00AC823E /* Debug */ = {
			isa = XCBuildConfiguration;
			buildSettings = {
				ASSETCATALOG_COMPILER_APPICON_NAME = AppIcon;
				ASSETCATALOG_COMPILER_GLOBAL_ACCENT_COLOR_NAME = AccentColor;
				CLANG_ENABLE_MODULES = YES;
				CODE_SIGN_STYLE = Automatic;
				COMBINE_HIDPI_IMAGES = YES;
				CURRENT_PROJECT_VERSION = 1;
				DEAD_CODE_STRIPPING = YES;
				DEVELOPMENT_TEAM = W8YUTR9U97;
				ENABLE_APP_SANDBOX = YES;
				ENABLE_HARDENED_RUNTIME = YES;
				ENABLE_PREVIEWS = YES;
				ENABLE_USER_SELECTED_FILES = readonly;
				GENERATE_INFOPLIST_FILE = YES;
				INFOPLIST_KEY_CFBundleDisplayName = "Neural Graphics";
				INFOPLIST_KEY_LSApplicationCategoryType = "public.app-category.graphics-design";
				INFOPLIST_KEY_NSHumanReadableCopyright = "";
				LD_RUNPATH_SEARCH_PATHS = (
					"$(inherited)",
					"@executable_path/../Frameworks",
				);
				MARKETING_VERSION = 1.0;
				PRODUCT_BUNDLE_IDENTIFIER = AmelieHeinrichInc.NeuralGraphics;
				PRODUCT_NAME = "$(TARGET_NAME)";
				REGISTER_APP_GROUPS = YES;
				STRING_CATALOG_GENERATE_SYMBOLS = YES;
				SWIFT_APPROACHABLE_CONCURRENCY = YES;
				SWIFT_DEFAULT_ACTOR_ISOLATION = MainActor;
				SWIFT_EMIT_LOC_STRINGS = YES;
				SWIFT_INCLUDE_PATHS = NeuralGraphics/MeshLoader;
				SWIFT_OBJC_INTEROP_MODE = objcxx;
				SWIFT_OPTIMIZATION_LEVEL = "-Onone";
				SWIFT_UPCOMING_FEATURE_MEMBER_IMPORT_VISIBILITY = YES;
				SWIFT_VERSION = 5.0;
			};
			name = Debug;
		};
		BA87BC2D2F4B95BE00AC823E /* Release */ = {
			isa = XCBuildConfiguration;
			buildSettings = {
				ASSETCATALOG_COMPILER_APPICON_NAME = AppIcon;
				ASSETCATALOG_COMPILER_GLOBAL_ACCENT_COLOR_NAME = AccentColor;
				CLANG_ENABLE_MODULES = YES;
				CODE_SIGN_STYLE = Automatic;
				COMBINE_HIDPI_IMAGES = YES;
				CURRENT_PROJECT_VERSION = 1;
				DEAD_CODE_STRIPPING = YES;
				DEVELOPMENT_TEAM = W8YUTR9U97;
				ENABLE_APP_SANDBOX = YES;
				ENABLE_HARDENED_RUNTIME = YES;
				ENABLE_PREVIEWS = YES;
				ENABLE_USER_SELECTED_FILES = readonly;
				GENERATE_INFOPLIST_FILE = YES;
				INFOPLIST_KEY_CFBundleDisplayName = "Neural Graphics";
				INFOPLIST_KEY_LSApplicationCategoryType = "public.app-category.graphics-design";
				INFOPLIST_KEY_NSHumanReadableCopyright = "";
				LD_RUNPATH_SEARCH_PATHS = (
					"$(inherited)",
					"@executable_path/../Frameworks",
				);
				MARKETING_VERSION = 1.0;
				PRODUCT_BUNDLE_IDENTIFIER = AmelieHeinrichInc.NeuralGraphics;
				PRODUCT_NAME = "$(TARGET_NAME)";
				REGISTER_APP_GROUPS = YES;
				STRING_CATALOG_GENERATE_SYMBOLS = YES;
				SWIFT_APPROACHABLE_CONCURRENCY = YES;
				SWIFT_DEFAULT_ACTOR_ISOLATION = MainActor;
				SWIFT_EMIT_LOC_STRINGS = YES;
				SWIFT_INCLUDE_PATHS = NeuralGraphics/MeshLoader;
				SWIFT_OBJC_INTEROP_MODE = objcxx;
				SWIFT_UPCOMING_FEATURE_MEMBER_IMPORT_VISIBILITY = YES;
				SWIFT_VERSION = 5.0;
			};
			name = Release;
		};
/* End XCBuildConfiguration section */

/* Begin XCConfigurationList section */
		BA02D95E2F557A58009EBF35 /* Build configuration list for PBXNativeTarget "AssetBaker" */ = {
			isa = XCConfigurationList;
			buildConfigurations = (
				BA02D95F2F557A58009EBF35 /* Debug */,
				BA02D9602F557A58009EBF35 /* Release */,
			);
			defaultConfigurationIsVisible = 0;
			defaultConfigurationName = Release;
		};
		BA87BC1B2F4B95BD00AC823E /* Build configuration list for PBXProject "NeuralGraphics" */ = {
			isa = XCConfigurationList;
			buildConfigurations = (
				BA87BC292F4B95BE00AC823E /* Debug */,
				BA87BC2A2F4B95BE00AC823E /* Release */,
			);
			defaultConfigurationIsVisible = 0;
			defaultConfigurationName = Release;
		};
		BA87BC2B2F4B95BE00AC823E /* Build configuration list for PBXNativeTarget "Neural Graphics" */ = {
			isa = XCConfigurationList;
			buildConfigurations = (
				BA87BC2C2F4B95BE00AC823E /* Debug */,
				BA87BC2D2F4B95BE00AC823E /* Release */,
			);
			defaultConfigurationIsVisible = 0;
			defaultConfigurationName = Release;
		};
/* End XCConfigurationList section */
	};
	rootObject = BA87BC182F4B95BD00AC823E /* Project object */;
}
